
Microsoft Visual Studio Solution File, Format Version 12.00
# Visual Studio Version 16
VisualStudioVersion = 16.0.30804.86
MinimumVisualStudioVersion = 10.0.40219.1
Project("{FAE04EC0-301F-11D3-BF4B-00C04F79EFBC}") = "Assignment1", "Assignment1.csproj", "{A6BE69E4-31CE-44E7-9982-FDD37A877756}"
EndProject
Global
	GlobalSection(SolutionConfigurationPlatforms) = preSolution
		Debug|Any CPU = Debug|Any CPU
		Release|Any CPU = Release|Any CPU
	EndGlobalSection
	GlobalSection(ProjectConfigurationPlatforms) = postSolution
		{A6BE69E4-31CE-44E7-9982-FDD37A877756}.Debug|Any CPU.ActiveCfg = Debug|Any CPU
		{A6BE69E4-31CE-44E7-9982-FDD37A877756}.Debug|Any CPU.Build.0 = Debug|Any CPU
		{A6BE69E4-31CE-44E7-9982-FDD37A877756}.Release|Any CPU.ActiveCfg = Release|Any CPU
		{A6BE69E4-31CE-44E7-9982-FDD37A877756}.Release|Any CPU.Build.0 = Release|Any CPU
	EndGlobalSection
	GlobalSection(SolutionProperties) = preSolution
		HideSolutionNode = FALSE
	EndGlobalSection
	GlobalSection(ExtensibilityGlobals) = postSolution
		SolutionGuid = {2DE0BB4A-5D47-47B2-A540-39F9AE366785}
	EndGlobalSection
EndGlobal
