
Microsoft Visual Studio Solution File, Format Version 12.00
# Visual Studio Version 16
VisualStudioVersion = 16.0.31129.286
MinimumVisualStudioVersion = 10.0.40219.1
Project("{FAE04EC0-301F-11D3-BF4B-00C04F79EFBC}") = "Sqlconnecteds", "Sqlconnecteds\Sqlconnecteds.csproj", "{EE040C16-0278-41C1-846C-0BF9CE9CB826}"
EndProject
Global
	GlobalSection(SolutionConfigurationPlatforms) = preSolution
		Debug|Any CPU = Debug|Any CPU
		Release|Any CPU = Release|Any CPU
	EndGlobalSection
	GlobalSection(ProjectConfigurationPlatforms) = postSolution
		{EE040C16-0278-41C1-846C-0BF9CE9CB826}.Debug|Any CPU.ActiveCfg = Debug|Any CPU
		{EE040C16-0278-41C1-846C-0BF9CE9CB826}.Debug|Any CPU.Build.0 = Debug|Any CPU
		{EE040C16-0278-41C1-846C-0BF9CE9CB826}.Release|Any CPU.ActiveCfg = Release|Any CPU
		{EE040C16-0278-41C1-846C-0BF9CE9CB826}.Release|Any CPU.Build.0 = Release|Any CPU
	EndGlobalSection
	GlobalSection(SolutionProperties) = preSolution
		HideSolutionNode = FALSE
	EndGlobalSection
	GlobalSection(ExtensibilityGlobals) = postSolution
		SolutionGuid = {01F89980-B2F4-48FD-8B84-A1842A864AA0}
	EndGlobalSection
EndGlobal
