
Microsoft Visual Studio Solution File, Format Version 12.00
# Visual Studio Version 16
VisualStudioVersion = 16.0.31129.286
MinimumVisualStudioVersion = 10.0.40219.1
Project("{FAE04EC0-301F-11D3-BF4B-00C04F79EFBC}") = "TodoApi", "..\TodoApi\TodoApi.csproj", "{0DD2AB60-C392-47D6-A3E6-AC5D0CDB86B1}"
EndProject
Global
	GlobalSection(SolutionConfigurationPlatforms) = preSolution
		Debug|Any CPU = Debug|Any CPU
		Release|Any CPU = Release|Any CPU
	EndGlobalSection
	GlobalSection(ProjectConfigurationPlatforms) = postSolution
		{0DD2AB60-C392-47D6-A3E6-AC5D0CDB86B1}.Debug|Any CPU.ActiveCfg = Debug|Any CPU
		{0DD2AB60-C392-47D6-A3E6-AC5D0CDB86B1}.Debug|Any CPU.Build.0 = Debug|Any CPU
		{0DD2AB60-C392-47D6-A3E6-AC5D0CDB86B1}.Release|Any CPU.ActiveCfg = Release|Any CPU
		{0DD2AB60-C392-47D6-A3E6-AC5D0CDB86B1}.Release|Any CPU.Build.0 = Release|Any CPU
	EndGlobalSection
	GlobalSection(SolutionProperties) = preSolution
		HideSolutionNode = FALSE
	EndGlobalSection
	GlobalSection(ExtensibilityGlobals) = postSolution
		SolutionGuid = {22DCD3FB-5BE8-44E7-8A32-9A05931E71E1}
	EndGlobalSection
EndGlobal
