
Microsoft Visual Studio Solution File, Format Version 12.00
# Visual Studio Version 16
VisualStudioVersion = 16.0.31129.286
MinimumVisualStudioVersion = 10.0.40219.1
Project("{FAE04EC0-301F-11D3-BF4B-00C04F79EFBC}") = "practice-Async", "practice-Async\practice-Async.csproj", "{D81055B8-2992-4B49-90CC-FAD50B942C6D}"
EndProject
Global
	GlobalSection(SolutionConfigurationPlatforms) = preSolution
		Debug|Any CPU = Debug|Any CPU
		Release|Any CPU = Release|Any CPU
	EndGlobalSection
	GlobalSection(ProjectConfigurationPlatforms) = postSolution
		{D81055B8-2992-4B49-90CC-FAD50B942C6D}.Debug|Any CPU.ActiveCfg = Debug|Any CPU
		{D81055B8-2992-4B49-90CC-FAD50B942C6D}.Debug|Any CPU.Build.0 = Debug|Any CPU
		{D81055B8-2992-4B49-90CC-FAD50B942C6D}.Release|Any CPU.ActiveCfg = Release|Any CPU
		{D81055B8-2992-4B49-90CC-FAD50B942C6D}.Release|Any CPU.Build.0 = Release|Any CPU
	EndGlobalSection
	GlobalSection(SolutionProperties) = preSolution
		HideSolutionNode = FALSE
	EndGlobalSection
	GlobalSection(ExtensibilityGlobals) = postSolution
		SolutionGuid = {2EDCE6DA-9497-442E-BF29-263BCE6DBEC9}
	EndGlobalSection
EndGlobal
