
Microsoft Visual Studio Solution File, Format Version 12.00
# Visual Studio Version 16
VisualStudioVersion = 16.0.30804.86
MinimumVisualStudioVersion = 10.0.40219.1
Project("{FAE04EC0-301F-11D3-BF4B-00C04F79EFBC}") = "Day7_8Practice", "Day7_8Practice\Day7_8Practice.csproj", "{5640028F-C8D0-41CF-AC71-2EB65BC1D2F7}"
EndProject
Global
	GlobalSection(SolutionConfigurationPlatforms) = preSolution
		Debug|Any CPU = Debug|Any CPU
		Release|Any CPU = Release|Any CPU
	EndGlobalSection
	GlobalSection(ProjectConfigurationPlatforms) = postSolution
		{5640028F-C8D0-41CF-AC71-2EB65BC1D2F7}.Debug|Any CPU.ActiveCfg = Debug|Any CPU
		{5640028F-C8D0-41CF-AC71-2EB65BC1D2F7}.Debug|Any CPU.Build.0 = Debug|Any CPU
		{5640028F-C8D0-41CF-AC71-2EB65BC1D2F7}.Release|Any CPU.ActiveCfg = Release|Any CPU
		{5640028F-C8D0-41CF-AC71-2EB65BC1D2F7}.Release|Any CPU.Build.0 = Release|Any CPU
	EndGlobalSection
	GlobalSection(SolutionProperties) = preSolution
		HideSolutionNode = FALSE
	EndGlobalSection
	GlobalSection(ExtensibilityGlobals) = postSolution
		SolutionGuid = {A5A5078B-DA6B-41FD-B406-AEBFE4A6700F}
	EndGlobalSection
EndGlobal
