
Microsoft Visual Studio Solution File, Format Version 12.00
# Visual Studio Version 16
VisualStudioVersion = 16.0.31129.286
MinimumVisualStudioVersion = 10.0.40219.1
Project("{9A19103F-16F7-4668-BE54-9A1E7A4F7556}") = "Practice Exercise", "Practice Exercise\Practice Exercise.csproj", "{5D7882C9-F298-468D-964B-CEB55E333CE3}"
EndProject
Project("{FAE04EC0-301F-11D3-BF4B-00C04F79EFBC}") = "Calculator", "Calculator\Calculator.csproj", "{C4B724AA-927A-4A75-94B0-F66A2E36AD59}"
EndProject
Global
	GlobalSection(SolutionConfigurationPlatforms) = preSolution
		Debug|Any CPU = Debug|Any CPU
		Release|Any CPU = Release|Any CPU
	EndGlobalSection
	GlobalSection(ProjectConfigurationPlatforms) = postSolution
		{5D7882C9-F298-468D-964B-CEB55E333CE3}.Debug|Any CPU.ActiveCfg = Debug|Any CPU
		{5D7882C9-F298-468D-964B-CEB55E333CE3}.Debug|Any CPU.Build.0 = Debug|Any CPU
		{5D7882C9-F298-468D-964B-CEB55E333CE3}.Release|Any CPU.ActiveCfg = Release|Any CPU
		{5D7882C9-F298-468D-964B-CEB55E333CE3}.Release|Any CPU.Build.0 = Release|Any CPU
		{C4B724AA-927A-4A75-94B0-F66A2E36AD59}.Debug|Any CPU.ActiveCfg = Debug|Any CPU
		{C4B724AA-927A-4A75-94B0-F66A2E36AD59}.Debug|Any CPU.Build.0 = Debug|Any CPU
		{C4B724AA-927A-4A75-94B0-F66A2E36AD59}.Release|Any CPU.ActiveCfg = Release|Any CPU
		{C4B724AA-927A-4A75-94B0-F66A2E36AD59}.Release|Any CPU.Build.0 = Release|Any CPU
	EndGlobalSection
	GlobalSection(SolutionProperties) = preSolution
		HideSolutionNode = FALSE
	EndGlobalSection
	GlobalSection(ExtensibilityGlobals) = postSolution
		SolutionGuid = {A2EB0957-F84A-46B8-84B4-7AE80E09E6B7}
	EndGlobalSection
EndGlobal
