
Microsoft Visual Studio Solution File, Format Version 12.00
# Visual Studio Version 16
VisualStudioVersion = 16.0.30907.101
MinimumVisualStudioVersion = 10.0.40219.1
Project("{FAE04EC0-301F-11D3-BF4B-00C04F79EFBC}") = "Day2Assignment", "Day2Assignment.csproj", "{61339D6C-9112-4E30-AB58-64DBB1F073A8}"
EndProject
Project("{FAE04EC0-301F-11D3-BF4B-00C04F79EFBC}") = "Day2AssignmentClass", "Day2AssignmentClass\Day2AssignmentClass.csproj", "{B9297964-01EA-41FD-A6E8-8D36B234003B}"
EndProject
Global
	GlobalSection(SolutionConfigurationPlatforms) = preSolution
		Debug|Any CPU = Debug|Any CPU
		Release|Any CPU = Release|Any CPU
	EndGlobalSection
	GlobalSection(ProjectConfigurationPlatforms) = postSolution
		{61339D6C-9112-4E30-AB58-64DBB1F073A8}.Debug|Any CPU.ActiveCfg = Debug|Any CPU
		{61339D6C-9112-4E30-AB58-64DBB1F073A8}.Debug|Any CPU.Build.0 = Debug|Any CPU
		{61339D6C-9112-4E30-AB58-64DBB1F073A8}.Release|Any CPU.ActiveCfg = Release|Any CPU
		{61339D6C-9112-4E30-AB58-64DBB1F073A8}.Release|Any CPU.Build.0 = Release|Any CPU
		{B9297964-01EA-41FD-A6E8-8D36B234003B}.Debug|Any CPU.ActiveCfg = Debug|Any CPU
		{B9297964-01EA-41FD-A6E8-8D36B234003B}.Debug|Any CPU.Build.0 = Debug|Any CPU
		{B9297964-01EA-41FD-A6E8-8D36B234003B}.Release|Any CPU.ActiveCfg = Release|Any CPU
		{B9297964-01EA-41FD-A6E8-8D36B234003B}.Release|Any CPU.Build.0 = Release|Any CPU
	EndGlobalSection
	GlobalSection(SolutionProperties) = preSolution
		HideSolutionNode = FALSE
	EndGlobalSection
	GlobalSection(ExtensibilityGlobals) = postSolution
		SolutionGuid = {D6F60C97-0946-4797-A10C-7FD3A8A03F26}
	EndGlobalSection
EndGlobal
