
Microsoft Visual Studio Solution File, Format Version 12.00
# Visual Studio Version 16
VisualStudioVersion = 16.0.31129.286
MinimumVisualStudioVersion = 10.0.40219.1
Project("{9A19103F-16F7-4668-BE54-9A1E7A4F7556}") = "Assignment", "Assignment\Assignment.csproj", "{CA642348-2681-4917-BF84-6842BF7D5CC9}"
EndProject
Project("{9A19103F-16F7-4668-BE54-9A1E7A4F7556}") = "Calculator", "C:\Users\tirth\source\repos\Calculator\Calculator\Calculator.csproj", "{ACCE7AFC-44AD-44BE-8792-E6957806497F}"
EndProject
Global
	GlobalSection(SolutionConfigurationPlatforms) = preSolution
		Debug|Any CPU = Debug|Any CPU
		Release|Any CPU = Release|Any CPU
	EndGlobalSection
	GlobalSection(ProjectConfigurationPlatforms) = postSolution
		{CA642348-2681-4917-BF84-6842BF7D5CC9}.Debug|Any CPU.ActiveCfg = Debug|Any CPU
		{CA642348-2681-4917-BF84-6842BF7D5CC9}.Debug|Any CPU.Build.0 = Debug|Any CPU
		{CA642348-2681-4917-BF84-6842BF7D5CC9}.Release|Any CPU.ActiveCfg = Release|Any CPU
		{CA642348-2681-4917-BF84-6842BF7D5CC9}.Release|Any CPU.Build.0 = Release|Any CPU
		{ACCE7AFC-44AD-44BE-8792-E6957806497F}.Debug|Any CPU.ActiveCfg = Debug|Any CPU
		{ACCE7AFC-44AD-44BE-8792-E6957806497F}.Debug|Any CPU.Build.0 = Debug|Any CPU
		{ACCE7AFC-44AD-44BE-8792-E6957806497F}.Release|Any CPU.ActiveCfg = Release|Any CPU
		{ACCE7AFC-44AD-44BE-8792-E6957806497F}.Release|Any CPU.Build.0 = Release|Any CPU
	EndGlobalSection
	GlobalSection(SolutionProperties) = preSolution
		HideSolutionNode = FALSE
	EndGlobalSection
	GlobalSection(ExtensibilityGlobals) = postSolution
		SolutionGuid = {BCEA887B-29B2-4A9F-8C55-CCC93E98E5B8}
	EndGlobalSection
EndGlobal
