
Microsoft Visual Studio Solution File, Format Version 12.00
# Visual Studio Version 16
VisualStudioVersion = 16.0.30804.86
MinimumVisualStudioVersion = 10.0.40219.1
Project("{FAE04EC0-301F-11D3-BF4B-00C04F79EFBC}") = "Assignment", "Assignment.csproj", "{74C28B77-CF7F-4FC6-A307-8E1027E01C13}"
EndProject
Project("{FAE04EC0-301F-11D3-BF4B-00C04F79EFBC}") = "PersonsData", "..\PersonsData\PersonsData.csproj", "{08B658EA-5DC9-4167-AF4A-A16D81CA5AF1}"
EndProject
Global
	GlobalSection(SolutionConfigurationPlatforms) = preSolution
		Debug|Any CPU = Debug|Any CPU
		Release|Any CPU = Release|Any CPU
	EndGlobalSection
	GlobalSection(ProjectConfigurationPlatforms) = postSolution
		{74C28B77-CF7F-4FC6-A307-8E1027E01C13}.Debug|Any CPU.ActiveCfg = Debug|Any CPU
		{74C28B77-CF7F-4FC6-A307-8E1027E01C13}.Debug|Any CPU.Build.0 = Debug|Any CPU
		{74C28B77-CF7F-4FC6-A307-8E1027E01C13}.Release|Any CPU.ActiveCfg = Release|Any CPU
		{74C28B77-CF7F-4FC6-A307-8E1027E01C13}.Release|Any CPU.Build.0 = Release|Any CPU
		{08B658EA-5DC9-4167-AF4A-A16D81CA5AF1}.Debug|Any CPU.ActiveCfg = Debug|Any CPU
		{08B658EA-5DC9-4167-AF4A-A16D81CA5AF1}.Debug|Any CPU.Build.0 = Debug|Any CPU
		{08B658EA-5DC9-4167-AF4A-A16D81CA5AF1}.Release|Any CPU.ActiveCfg = Release|Any CPU
		{08B658EA-5DC9-4167-AF4A-A16D81CA5AF1}.Release|Any CPU.Build.0 = Release|Any CPU
	EndGlobalSection
	GlobalSection(SolutionProperties) = preSolution
		HideSolutionNode = FALSE
	EndGlobalSection
	GlobalSection(ExtensibilityGlobals) = postSolution
		SolutionGuid = {07B19790-2205-4C4F-AA73-98190BBF9784}
	EndGlobalSection
EndGlobal
