
Microsoft Visual Studio Solution File, Format Version 12.00
# Visual Studio Version 16
VisualStudioVersion = 16.0.30804.86
MinimumVisualStudioVersion = 10.0.40219.1
Project("{FAE04EC0-301F-11D3-BF4B-00C04F79EFBC}") = "Practice1", "Practice1\Practice1.csproj", "{EA946B65-70F3-4941-84CD-63F35663F4AA}"
EndProject
Global
	GlobalSection(SolutionConfigurationPlatforms) = preSolution
		Debug|Any CPU = Debug|Any CPU
		Release|Any CPU = Release|Any CPU
	EndGlobalSection
	GlobalSection(ProjectConfigurationPlatforms) = postSolution
		{EA946B65-70F3-4941-84CD-63F35663F4AA}.Debug|Any CPU.ActiveCfg = Debug|Any CPU
		{EA946B65-70F3-4941-84CD-63F35663F4AA}.Debug|Any CPU.Build.0 = Debug|Any CPU
		{EA946B65-70F3-4941-84CD-63F35663F4AA}.Release|Any CPU.ActiveCfg = Release|Any CPU
		{EA946B65-70F3-4941-84CD-63F35663F4AA}.Release|Any CPU.Build.0 = Release|Any CPU
	EndGlobalSection
	GlobalSection(SolutionProperties) = preSolution
		HideSolutionNode = FALSE
	EndGlobalSection
	GlobalSection(ExtensibilityGlobals) = postSolution
		SolutionGuid = {3010D912-A557-4D8E-9A1E-D1E1278B2B4B}
	EndGlobalSection
EndGlobal
