
Microsoft Visual Studio Solution File, Format Version 12.00
# Visual Studio Version 16
VisualStudioVersion = 16.0.31129.286
MinimumVisualStudioVersion = 10.0.40219.1
Project("{FAE04EC0-301F-11D3-BF4B-00C04F79EFBC}") = "Zee_News_WebApi", "Zee_News_WebApi\Zee_News_WebApi.csproj", "{08FB5216-DDEF-4710-9127-D84558AD5C41}"
EndProject
Global
	GlobalSection(SolutionConfigurationPlatforms) = preSolution
		Debug|Any CPU = Debug|Any CPU
		Release|Any CPU = Release|Any CPU
	EndGlobalSection
	GlobalSection(ProjectConfigurationPlatforms) = postSolution
		{08FB5216-DDEF-4710-9127-D84558AD5C41}.Debug|Any CPU.ActiveCfg = Debug|Any CPU
		{08FB5216-DDEF-4710-9127-D84558AD5C41}.Debug|Any CPU.Build.0 = Debug|Any CPU
		{08FB5216-DDEF-4710-9127-D84558AD5C41}.Release|Any CPU.ActiveCfg = Release|Any CPU
		{08FB5216-DDEF-4710-9127-D84558AD5C41}.Release|Any CPU.Build.0 = Release|Any CPU
	EndGlobalSection
	GlobalSection(SolutionProperties) = preSolution
		HideSolutionNode = FALSE
	EndGlobalSection
	GlobalSection(ExtensibilityGlobals) = postSolution
		SolutionGuid = {C3BCC4B9-EDF5-4577-B837-54A44FBA4211}
	EndGlobalSection
EndGlobal
