
Microsoft Visual Studio Solution File, Format Version 12.00
# Visual Studio Version 16
VisualStudioVersion = 16.0.30804.86
MinimumVisualStudioVersion = 10.0.40219.1
Project("{FAE04EC0-301F-11D3-BF4B-00C04F79EFBC}") = "Breakfast", "Day9Practice\Breakfast.csproj", "{3822145A-6CB6-40F5-861C-AA445681AB1C}"
EndProject
Project("{9A19103F-16F7-4668-BE54-9A1E7A4F7556}") = "Day7_8AssignmentTask", "..\..\..\..\Day7-8\Disha-Shah\Assignment\Day7_8AssignmentTask\Day7_8AssignmentTask.csproj", "{29FCE730-8093-436D-9A8A-2D126260AC6E}"
EndProject
Project("{FAE04EC0-301F-11D3-BF4B-00C04F79EFBC}") = "ExtensionMethod", "..\ExtensionMethod\ExtensionMethod.csproj", "{975752CC-E1EE-4C25-A332-F1C371C42DC2}"
EndProject
Project("{FAE04EC0-301F-11D3-BF4B-00C04F79EFBC}") = "Async_Await", "..\Async_Await\Async_Await.csproj", "{6D265A50-D5E8-4718-B3FE-B0BDF5724FE8}"
EndProject
Project("{FAE04EC0-301F-11D3-BF4B-00C04F79EFBC}") = "Day9Assignment", "..\..\Assignment\Day9Assignment\Day9Assignment.csproj", "{EA1ED525-C6E0-467C-AD74-0E065EDD4E2F}"
EndProject
Global
	GlobalSection(SolutionConfigurationPlatforms) = preSolution
		Debug|Any CPU = Debug|Any CPU
		Release|Any CPU = Release|Any CPU
	EndGlobalSection
	GlobalSection(ProjectConfigurationPlatforms) = postSolution
		{3822145A-6CB6-40F5-861C-AA445681AB1C}.Debug|Any CPU.ActiveCfg = Debug|Any CPU
		{3822145A-6CB6-40F5-861C-AA445681AB1C}.Debug|Any CPU.Build.0 = Debug|Any CPU
		{3822145A-6CB6-40F5-861C-AA445681AB1C}.Release|Any CPU.ActiveCfg = Release|Any CPU
		{3822145A-6CB6-40F5-861C-AA445681AB1C}.Release|Any CPU.Build.0 = Release|Any CPU
		{29FCE730-8093-436D-9A8A-2D126260AC6E}.Debug|Any CPU.ActiveCfg = Debug|Any CPU
		{29FCE730-8093-436D-9A8A-2D126260AC6E}.Debug|Any CPU.Build.0 = Debug|Any CPU
		{29FCE730-8093-436D-9A8A-2D126260AC6E}.Release|Any CPU.ActiveCfg = Release|Any CPU
		{29FCE730-8093-436D-9A8A-2D126260AC6E}.Release|Any CPU.Build.0 = Release|Any CPU
		{975752CC-E1EE-4C25-A332-F1C371C42DC2}.Debug|Any CPU.ActiveCfg = Debug|Any CPU
		{975752CC-E1EE-4C25-A332-F1C371C42DC2}.Debug|Any CPU.Build.0 = Debug|Any CPU
		{975752CC-E1EE-4C25-A332-F1C371C42DC2}.Release|Any CPU.ActiveCfg = Release|Any CPU
		{975752CC-E1EE-4C25-A332-F1C371C42DC2}.Release|Any CPU.Build.0 = Release|Any CPU
		{6D265A50-D5E8-4718-B3FE-B0BDF5724FE8}.Debug|Any CPU.ActiveCfg = Debug|Any CPU
		{6D265A50-D5E8-4718-B3FE-B0BDF5724FE8}.Debug|Any CPU.Build.0 = Debug|Any CPU
		{6D265A50-D5E8-4718-B3FE-B0BDF5724FE8}.Release|Any CPU.ActiveCfg = Release|Any CPU
		{6D265A50-D5E8-4718-B3FE-B0BDF5724FE8}.Release|Any CPU.Build.0 = Release|Any CPU
		{EA1ED525-C6E0-467C-AD74-0E065EDD4E2F}.Debug|Any CPU.ActiveCfg = Debug|Any CPU
		{EA1ED525-C6E0-467C-AD74-0E065EDD4E2F}.Debug|Any CPU.Build.0 = Debug|Any CPU
		{EA1ED525-C6E0-467C-AD74-0E065EDD4E2F}.Release|Any CPU.ActiveCfg = Release|Any CPU
		{EA1ED525-C6E0-467C-AD74-0E065EDD4E2F}.Release|Any CPU.Build.0 = Release|Any CPU
	EndGlobalSection
	GlobalSection(SolutionProperties) = preSolution
		HideSolutionNode = FALSE
	EndGlobalSection
	GlobalSection(ExtensibilityGlobals) = postSolution
		SolutionGuid = {96104C22-C445-4A9B-A61A-248163ABDB73}
	EndGlobalSection
EndGlobal
