
Microsoft Visual Studio Solution File, Format Version 12.00
# Visual Studio Version 16
VisualStudioVersion = 16.0.31129.286
MinimumVisualStudioVersion = 10.0.40219.1
Project("{FAE04EC0-301F-11D3-BF4B-00C04F79EFBC}") = "Assignment", "Assignment\Assignment.csproj", "{93C222D9-F02A-4312-9628-EE4D2C96841A}"
EndProject
Global
	GlobalSection(SolutionConfigurationPlatforms) = preSolution
		Debug|Any CPU = Debug|Any CPU
		Release|Any CPU = Release|Any CPU
	EndGlobalSection
	GlobalSection(ProjectConfigurationPlatforms) = postSolution
		{93C222D9-F02A-4312-9628-EE4D2C96841A}.Debug|Any CPU.ActiveCfg = Debug|Any CPU
		{93C222D9-F02A-4312-9628-EE4D2C96841A}.Debug|Any CPU.Build.0 = Debug|Any CPU
		{93C222D9-F02A-4312-9628-EE4D2C96841A}.Release|Any CPU.ActiveCfg = Release|Any CPU
		{93C222D9-F02A-4312-9628-EE4D2C96841A}.Release|Any CPU.Build.0 = Release|Any CPU
	EndGlobalSection
	GlobalSection(SolutionProperties) = preSolution
		HideSolutionNode = FALSE
	EndGlobalSection
	GlobalSection(ExtensibilityGlobals) = postSolution
		SolutionGuid = {55F687B5-C2EB-4217-8242-CDF28E13EE7B}
	EndGlobalSection
EndGlobal
