
Microsoft Visual Studio Solution File, Format Version 12.00
# Visual Studio Version 16
VisualStudioVersion = 16.0.30804.86
MinimumVisualStudioVersion = 10.0.40219.1
Project("{FAE04EC0-301F-11D3-BF4B-00C04F79EFBC}") = "Practice1", "Practice1\Practice1.csproj", "{D9564B13-705D-4ED9-BAE1-297E63A869C9}"
EndProject
Project("{FAE04EC0-301F-11D3-BF4B-00C04F79EFBC}") = "StudentInfo", "StudentInfo\StudentInfo.csproj", "{864C6310-7926-4BD2-9055-3A54FB9EF262}"
EndProject
Global
	GlobalSection(SolutionConfigurationPlatforms) = preSolution
		Debug|Any CPU = Debug|Any CPU
		Release|Any CPU = Release|Any CPU
	EndGlobalSection
	GlobalSection(ProjectConfigurationPlatforms) = postSolution
		{D9564B13-705D-4ED9-BAE1-297E63A869C9}.Debug|Any CPU.ActiveCfg = Debug|Any CPU
		{D9564B13-705D-4ED9-BAE1-297E63A869C9}.Debug|Any CPU.Build.0 = Debug|Any CPU
		{D9564B13-705D-4ED9-BAE1-297E63A869C9}.Release|Any CPU.ActiveCfg = Release|Any CPU
		{D9564B13-705D-4ED9-BAE1-297E63A869C9}.Release|Any CPU.Build.0 = Release|Any CPU
		{864C6310-7926-4BD2-9055-3A54FB9EF262}.Debug|Any CPU.ActiveCfg = Debug|Any CPU
		{864C6310-7926-4BD2-9055-3A54FB9EF262}.Debug|Any CPU.Build.0 = Debug|Any CPU
		{864C6310-7926-4BD2-9055-3A54FB9EF262}.Release|Any CPU.ActiveCfg = Release|Any CPU
		{864C6310-7926-4BD2-9055-3A54FB9EF262}.Release|Any CPU.Build.0 = Release|Any CPU
	EndGlobalSection
	GlobalSection(SolutionProperties) = preSolution
		HideSolutionNode = FALSE
	EndGlobalSection
	GlobalSection(ExtensibilityGlobals) = postSolution
		SolutionGuid = {72088627-AAE2-445D-80EB-401A24A12151}
	EndGlobalSection
EndGlobal
