
Microsoft Visual Studio Solution File, Format Version 12.00
# Visual Studio Version 16
VisualStudioVersion = 16.0.30804.86
MinimumVisualStudioVersion = 10.0.40219.1
Project("{FAE04EC0-301F-11D3-BF4B-00C04F79EFBC}") = "Assignment1", "Assignment1\Assignment1.csproj", "{029443ED-0BDB-49DB-A976-9085B14BB97F}"
EndProject
Global
	GlobalSection(SolutionConfigurationPlatforms) = preSolution
		Debug|Any CPU = Debug|Any CPU
		Release|Any CPU = Release|Any CPU
	EndGlobalSection
	GlobalSection(ProjectConfigurationPlatforms) = postSolution
		{029443ED-0BDB-49DB-A976-9085B14BB97F}.Debug|Any CPU.ActiveCfg = Debug|Any CPU
		{029443ED-0BDB-49DB-A976-9085B14BB97F}.Debug|Any CPU.Build.0 = Debug|Any CPU
		{029443ED-0BDB-49DB-A976-9085B14BB97F}.Release|Any CPU.ActiveCfg = Release|Any CPU
		{029443ED-0BDB-49DB-A976-9085B14BB97F}.Release|Any CPU.Build.0 = Release|Any CPU
	EndGlobalSection
	GlobalSection(SolutionProperties) = preSolution
		HideSolutionNode = FALSE
	EndGlobalSection
	GlobalSection(ExtensibilityGlobals) = postSolution
		SolutionGuid = {D81060EE-408B-4D66-95EF-79B780E853D6}
	EndGlobalSection
EndGlobal
