
Microsoft Visual Studio Solution File, Format Version 12.00
# Visual Studio Version 16
VisualStudioVersion = 16.0.30804.86
MinimumVisualStudioVersion = 10.0.40219.1
Project("{FAE04EC0-301F-11D3-BF4B-00C04F79EFBC}") = "StudentAdmissionAPI", "StudentAdmissionAPI\StudentAdmissionAPI.csproj", "{AC2D7B9C-2395-4015-866E-327B14ECC9CB}"
EndProject
Global
	GlobalSection(SolutionConfigurationPlatforms) = preSolution
		Debug|Any CPU = Debug|Any CPU
		Release|Any CPU = Release|Any CPU
	EndGlobalSection
	GlobalSection(ProjectConfigurationPlatforms) = postSolution
		{AC2D7B9C-2395-4015-866E-327B14ECC9CB}.Debug|Any CPU.ActiveCfg = Debug|Any CPU
		{AC2D7B9C-2395-4015-866E-327B14ECC9CB}.Debug|Any CPU.Build.0 = Debug|Any CPU
		{AC2D7B9C-2395-4015-866E-327B14ECC9CB}.Release|Any CPU.ActiveCfg = Release|Any CPU
		{AC2D7B9C-2395-4015-866E-327B14ECC9CB}.Release|Any CPU.Build.0 = Release|Any CPU
	EndGlobalSection
	GlobalSection(SolutionProperties) = preSolution
		HideSolutionNode = FALSE
	EndGlobalSection
	GlobalSection(ExtensibilityGlobals) = postSolution
		SolutionGuid = {BADBDD7B-B3BE-440A-9B43-33D314473FC4}
	EndGlobalSection
EndGlobal
