
Microsoft Visual Studio Solution File, Format Version 12.00
# Visual Studio Version 16
VisualStudioVersion = 16.0.30804.86
MinimumVisualStudioVersion = 10.0.40219.1
Project("{9A19103F-16F7-4668-BE54-9A1E7A4F7556}") = "PracticeExe", "PracticeExe\PracticeExe.csproj", "{5E6BE3CD-8F24-42AA-ACAF-0A4B2154897E}"
EndProject
Project("{9A19103F-16F7-4668-BE54-9A1E7A4F7556}") = "BankAccount", "BankAccount\BankAccount.csproj", "{DD41E2C5-85EE-4F58-A683-9CDD85CADD3E}"
EndProject
Global
	GlobalSection(SolutionConfigurationPlatforms) = preSolution
		Debug|Any CPU = Debug|Any CPU
		Release|Any CPU = Release|Any CPU
	EndGlobalSection
	GlobalSection(ProjectConfigurationPlatforms) = postSolution
		{5E6BE3CD-8F24-42AA-ACAF-0A4B2154897E}.Debug|Any CPU.ActiveCfg = Debug|Any CPU
		{5E6BE3CD-8F24-42AA-ACAF-0A4B2154897E}.Debug|Any CPU.Build.0 = Debug|Any CPU
		{5E6BE3CD-8F24-42AA-ACAF-0A4B2154897E}.Release|Any CPU.ActiveCfg = Release|Any CPU
		{5E6BE3CD-8F24-42AA-ACAF-0A4B2154897E}.Release|Any CPU.Build.0 = Release|Any CPU
		{DD41E2C5-85EE-4F58-A683-9CDD85CADD3E}.Debug|Any CPU.ActiveCfg = Debug|Any CPU
		{DD41E2C5-85EE-4F58-A683-9CDD85CADD3E}.Debug|Any CPU.Build.0 = Debug|Any CPU
		{DD41E2C5-85EE-4F58-A683-9CDD85CADD3E}.Release|Any CPU.ActiveCfg = Release|Any CPU
		{DD41E2C5-85EE-4F58-A683-9CDD85CADD3E}.Release|Any CPU.Build.0 = Release|Any CPU
	EndGlobalSection
	GlobalSection(SolutionProperties) = preSolution
		HideSolutionNode = FALSE
	EndGlobalSection
	GlobalSection(ExtensibilityGlobals) = postSolution
		SolutionGuid = {CB6986C0-67E4-4346-9347-D15E9471CDB6}
	EndGlobalSection
EndGlobal
