
Microsoft Visual Studio Solution File, Format Version 12.00
# Visual Studio Version 16
VisualStudioVersion = 16.0.31129.286
MinimumVisualStudioVersion = 10.0.40219.1
Project("{9A19103F-16F7-4668-BE54-9A1E7A4F7556}") = "EmployeePayRollSystem", "EmployeePayRollSystem\EmployeePayRollSystem.csproj", "{F44570A8-8F87-4DC1-90E7-DE06F159B207}"
EndProject
Project("{9A19103F-16F7-4668-BE54-9A1E7A4F7556}") = "BankApplication", "..\..\..\..\Day2\Tirth-Patel\Practice\BankApplication\BankApplication\BankApplication.csproj", "{60327F4B-547A-471F-9A66-99EC62F0C3C0}"
EndProject
Global
	GlobalSection(SolutionConfigurationPlatforms) = preSolution
		Debug|Any CPU = Debug|Any CPU
		Release|Any CPU = Release|Any CPU
	EndGlobalSection
	GlobalSection(ProjectConfigurationPlatforms) = postSolution
		{F44570A8-8F87-4DC1-90E7-DE06F159B207}.Debug|Any CPU.ActiveCfg = Debug|Any CPU
		{F44570A8-8F87-4DC1-90E7-DE06F159B207}.Debug|Any CPU.Build.0 = Debug|Any CPU
		{F44570A8-8F87-4DC1-90E7-DE06F159B207}.Release|Any CPU.ActiveCfg = Release|Any CPU
		{F44570A8-8F87-4DC1-90E7-DE06F159B207}.Release|Any CPU.Build.0 = Release|Any CPU
		{60327F4B-547A-471F-9A66-99EC62F0C3C0}.Debug|Any CPU.ActiveCfg = Debug|Any CPU
		{60327F4B-547A-471F-9A66-99EC62F0C3C0}.Debug|Any CPU.Build.0 = Debug|Any CPU
		{60327F4B-547A-471F-9A66-99EC62F0C3C0}.Release|Any CPU.ActiveCfg = Release|Any CPU
		{60327F4B-547A-471F-9A66-99EC62F0C3C0}.Release|Any CPU.Build.0 = Release|Any CPU
	EndGlobalSection
	GlobalSection(SolutionProperties) = preSolution
		HideSolutionNode = FALSE
	EndGlobalSection
	GlobalSection(ExtensibilityGlobals) = postSolution
		SolutionGuid = {E8415591-D7C3-48CA-BED4-3A20C5540796}
	EndGlobalSection
EndGlobal
