
Microsoft Visual Studio Solution File, Format Version 12.00
# Visual Studio Version 16
VisualStudioVersion = 16.0.30804.86
MinimumVisualStudioVersion = 10.0.40219.1
Project("{9A19103F-16F7-4668-BE54-9A1E7A4F7556}") = "Assignment", "Assignment\Assignment.csproj", "{2D358D84-52DF-446D-ACFD-0A07222CC489}"
EndProject
Global
	GlobalSection(SolutionConfigurationPlatforms) = preSolution
		Debug|Any CPU = Debug|Any CPU
		Release|Any CPU = Release|Any CPU
	EndGlobalSection
	GlobalSection(ProjectConfigurationPlatforms) = postSolution
		{2D358D84-52DF-446D-ACFD-0A07222CC489}.Debug|Any CPU.ActiveCfg = Debug|Any CPU
		{2D358D84-52DF-446D-ACFD-0A07222CC489}.Debug|Any CPU.Build.0 = Debug|Any CPU
		{2D358D84-52DF-446D-ACFD-0A07222CC489}.Release|Any CPU.ActiveCfg = Release|Any CPU
		{2D358D84-52DF-446D-ACFD-0A07222CC489}.Release|Any CPU.Build.0 = Release|Any CPU
	EndGlobalSection
	GlobalSection(SolutionProperties) = preSolution
		HideSolutionNode = FALSE
	EndGlobalSection
	GlobalSection(ExtensibilityGlobals) = postSolution
		SolutionGuid = {F3AF403C-F378-4505-8986-EDEBBAF7CC26}
	EndGlobalSection
EndGlobal
