
Microsoft Visual Studio Solution File, Format Version 12.00
# Visual Studio Version 16
VisualStudioVersion = 16.0.31129.286
MinimumVisualStudioVersion = 10.0.40219.1
Project("{FAE04EC0-301F-11D3-BF4B-00C04F79EFBC}") = "StudentForm", "StudentForm\StudentForm.csproj", "{65698BBE-09A4-4EA3-9C32-469AF6617335}"
EndProject
Global
	GlobalSection(SolutionConfigurationPlatforms) = preSolution
		Debug|Any CPU = Debug|Any CPU
		Release|Any CPU = Release|Any CPU
	EndGlobalSection
	GlobalSection(ProjectConfigurationPlatforms) = postSolution
		{65698BBE-09A4-4EA3-9C32-469AF6617335}.Debug|Any CPU.ActiveCfg = Debug|Any CPU
		{65698BBE-09A4-4EA3-9C32-469AF6617335}.Debug|Any CPU.Build.0 = Debug|Any CPU
		{65698BBE-09A4-4EA3-9C32-469AF6617335}.Release|Any CPU.ActiveCfg = Release|Any CPU
		{65698BBE-09A4-4EA3-9C32-469AF6617335}.Release|Any CPU.Build.0 = Release|Any CPU
	EndGlobalSection
	GlobalSection(SolutionProperties) = preSolution
		HideSolutionNode = FALSE
	EndGlobalSection
	GlobalSection(ExtensibilityGlobals) = postSolution
		SolutionGuid = {76E511A8-04E2-4881-B759-F1473550DBFE}
	EndGlobalSection
EndGlobal
