
Microsoft Visual Studio Solution File, Format Version 12.00
# Visual Studio Version 16
VisualStudioVersion = 16.0.30907.101
MinimumVisualStudioVersion = 10.0.40219.1
Project("{9A19103F-16F7-4668-BE54-9A1E7A4F7556}") = "Practiced2", "Practiced2\Practiced2.csproj", "{271AA804-6988-41B9-9827-BF05D976CBA8}"
EndProject
Project("{9A19103F-16F7-4668-BE54-9A1E7A4F7556}") = "calc", "..\calc\calc\calc.csproj", "{829D70E2-904C-41B1-A968-E69A5AE7211E}"
EndProject
Global
	GlobalSection(SolutionConfigurationPlatforms) = preSolution
		Debug|Any CPU = Debug|Any CPU
		Release|Any CPU = Release|Any CPU
	EndGlobalSection
	GlobalSection(ProjectConfigurationPlatforms) = postSolution
		{271AA804-6988-41B9-9827-BF05D976CBA8}.Debug|Any CPU.ActiveCfg = Debug|Any CPU
		{271AA804-6988-41B9-9827-BF05D976CBA8}.Debug|Any CPU.Build.0 = Debug|Any CPU
		{271AA804-6988-41B9-9827-BF05D976CBA8}.Release|Any CPU.ActiveCfg = Release|Any CPU
		{271AA804-6988-41B9-9827-BF05D976CBA8}.Release|Any CPU.Build.0 = Release|Any CPU
		{829D70E2-904C-41B1-A968-E69A5AE7211E}.Debug|Any CPU.ActiveCfg = Debug|Any CPU
		{829D70E2-904C-41B1-A968-E69A5AE7211E}.Debug|Any CPU.Build.0 = Debug|Any CPU
		{829D70E2-904C-41B1-A968-E69A5AE7211E}.Release|Any CPU.ActiveCfg = Release|Any CPU
		{829D70E2-904C-41B1-A968-E69A5AE7211E}.Release|Any CPU.Build.0 = Release|Any CPU
	EndGlobalSection
	GlobalSection(SolutionProperties) = preSolution
		HideSolutionNode = FALSE
	EndGlobalSection
	GlobalSection(ExtensibilityGlobals) = postSolution
		SolutionGuid = {AA14B6A5-6169-426E-BE15-55CAA7356A86}
	EndGlobalSection
EndGlobal
