
Microsoft Visual Studio Solution File, Format Version 12.00
# Visual Studio Version 16
VisualStudioVersion = 16.0.30804.86
MinimumVisualStudioVersion = 10.0.40219.1
Project("{FAE04EC0-301F-11D3-BF4B-00C04F79EFBC}") = "Practice1", "Practice1\Practice1.csproj", "{7246EE4F-D241-4941-9E8B-AF92DBDDC711}"
EndProject
Global
	GlobalSection(SolutionConfigurationPlatforms) = preSolution
		Debug|Any CPU = Debug|Any CPU
		Release|Any CPU = Release|Any CPU
	EndGlobalSection
	GlobalSection(ProjectConfigurationPlatforms) = postSolution
		{7246EE4F-D241-4941-9E8B-AF92DBDDC711}.Debug|Any CPU.ActiveCfg = Debug|Any CPU
		{7246EE4F-D241-4941-9E8B-AF92DBDDC711}.Debug|Any CPU.Build.0 = Debug|Any CPU
		{7246EE4F-D241-4941-9E8B-AF92DBDDC711}.Release|Any CPU.ActiveCfg = Release|Any CPU
		{7246EE4F-D241-4941-9E8B-AF92DBDDC711}.Release|Any CPU.Build.0 = Release|Any CPU
	EndGlobalSection
	GlobalSection(SolutionProperties) = preSolution
		HideSolutionNode = FALSE
	EndGlobalSection
	GlobalSection(ExtensibilityGlobals) = postSolution
		SolutionGuid = {9F23F23B-9D86-4C81-8B5C-0B5DEC16E601}
	EndGlobalSection
EndGlobal
