
Microsoft Visual Studio Solution File, Format Version 12.00
# Visual Studio Version 16
VisualStudioVersion = 16.0.31129.286
MinimumVisualStudioVersion = 10.0.40219.1
Project("{9A19103F-16F7-4668-BE54-9A1E7A4F7556}") = "Practice Exercise", "Practice Exercise\Practice Exercise.csproj", "{34512EDC-9176-4E16-801F-938662E3E4B4}"
EndProject
Project("{9A19103F-16F7-4668-BE54-9A1E7A4F7556}") = "RoleBassedAPI", "RoleBassedAPI\RoleBassedAPI.csproj", "{91C87019-C3F0-4CF4-B13C-75A68C679B85}"
EndProject
Project("{FAE04EC0-301F-11D3-BF4B-00C04F79EFBC}") = "Assignment", "Assignment\Assignment.csproj", "{70C96664-9719-46D4-959F-AA05A8713597}"
EndProject
Global
	GlobalSection(SolutionConfigurationPlatforms) = preSolution
		Debug|Any CPU = Debug|Any CPU
		Release|Any CPU = Release|Any CPU
	EndGlobalSection
	GlobalSection(ProjectConfigurationPlatforms) = postSolution
		{34512EDC-9176-4E16-801F-938662E3E4B4}.Debug|Any CPU.ActiveCfg = Debug|Any CPU
		{34512EDC-9176-4E16-801F-938662E3E4B4}.Debug|Any CPU.Build.0 = Debug|Any CPU
		{34512EDC-9176-4E16-801F-938662E3E4B4}.Release|Any CPU.ActiveCfg = Release|Any CPU
		{34512EDC-9176-4E16-801F-938662E3E4B4}.Release|Any CPU.Build.0 = Release|Any CPU
		{91C87019-C3F0-4CF4-B13C-75A68C679B85}.Debug|Any CPU.ActiveCfg = Debug|Any CPU
		{91C87019-C3F0-4CF4-B13C-75A68C679B85}.Debug|Any CPU.Build.0 = Debug|Any CPU
		{91C87019-C3F0-4CF4-B13C-75A68C679B85}.Release|Any CPU.ActiveCfg = Release|Any CPU
		{91C87019-C3F0-4CF4-B13C-75A68C679B85}.Release|Any CPU.Build.0 = Release|Any CPU
		{70C96664-9719-46D4-959F-AA05A8713597}.Debug|Any CPU.ActiveCfg = Debug|Any CPU
		{70C96664-9719-46D4-959F-AA05A8713597}.Debug|Any CPU.Build.0 = Debug|Any CPU
		{70C96664-9719-46D4-959F-AA05A8713597}.Release|Any CPU.ActiveCfg = Release|Any CPU
		{70C96664-9719-46D4-959F-AA05A8713597}.Release|Any CPU.Build.0 = Release|Any CPU
	EndGlobalSection
	GlobalSection(SolutionProperties) = preSolution
		HideSolutionNode = FALSE
	EndGlobalSection
	GlobalSection(ExtensibilityGlobals) = postSolution
		SolutionGuid = {3D5A1E03-5EA9-4986-8CC1-92C31E1F1569}
	EndGlobalSection
EndGlobal
