
Microsoft Visual Studio Solution File, Format Version 12.00
# Visual Studio Version 16
VisualStudioVersion = 16.0.31129.286
MinimumVisualStudioVersion = 10.0.40219.1
Project("{2150E333-8FDC-42A3-9474-1A3956D46DE8}") = "Api", "Api", "{6986CCEE-E087-4C7C-8257-64FA9049F3CB}"
EndProject
Project("{FAE04EC0-301F-11D3-BF4B-00C04F79EFBC}") = "HumanResources.Api", "HumanResources\HumanResources.Api\HumanResources.Api.csproj", "{4377F4A1-39F7-40B5-AB35-74ABC2F7E25A}"
EndProject
Project("{2150E333-8FDC-42A3-9474-1A3956D46DE8}") = "Core", "Core", "{57138B10-AFCC-4001-BFE2-422A6FF03A41}"
EndProject
Project("{FAE04EC0-301F-11D3-BF4B-00C04F79EFBC}") = "HumanResources.Infrastructure", "HumanResources\HumanResources.Infrastructure\HumanResources.Infrastructure.csproj", "{7CCEB43F-555C-4046-A7D9-9E695C00C59A}"
EndProject
Project("{2150E333-8FDC-42A3-9474-1A3956D46DE8}") = "Domain", "Domain", "{A92184B2-39D2-41F3-9364-E5049B8DCCA2}"
EndProject
Project("{FAE04EC0-301F-11D3-BF4B-00C04F79EFBC}") = "HumanResources.Domain", "HumanResources\HumanResources.Domain\HumanResources.Domain.csproj", "{61D86B81-6145-4A58-BC5D-9AC0F23F5AD1}"
EndProject
Project("{FAE04EC0-301F-11D3-BF4B-00C04F79EFBC}") = "HumanResources.BoundedContext", "HumanResources\HumanResources.BoundedContext\HumanResources.BoundedContext.csproj", "{A59B2CA9-D4FF-4B9C-BE26-1DC90AB95584}"
EndProject
Project("{FAE04EC0-301F-11D3-BF4B-00C04F79EFBC}") = "HumanResources.UnitOfWork", "HumanResources\HumanResources.UnitOfWork\HumanResources.UnitOfWork.csproj", "{A63F667B-0900-4801-9944-3D5A8B269901}"
EndProject
Project("{2150E333-8FDC-42A3-9474-1A3956D46DE8}") = "Models", "Models", "{BBC45FF6-C380-41F2-9FDF-AA981F94C81B}"
EndProject
Project("{FAE04EC0-301F-11D3-BF4B-00C04F79EFBC}") = "HumanResources.Models", "HumanResources\HumanResources.Models\HumanResources.Models.csproj", "{C7DA69B6-6A17-4972-8238-AF3B859926AA}"
EndProject
Global
	GlobalSection(SolutionConfigurationPlatforms) = preSolution
		Debug|Any CPU = Debug|Any CPU
		Release|Any CPU = Release|Any CPU
	EndGlobalSection
	GlobalSection(ProjectConfigurationPlatforms) = postSolution
		{4377F4A1-39F7-40B5-AB35-74ABC2F7E25A}.Debug|Any CPU.ActiveCfg = Debug|Any CPU
		{4377F4A1-39F7-40B5-AB35-74ABC2F7E25A}.Debug|Any CPU.Build.0 = Debug|Any CPU
		{4377F4A1-39F7-40B5-AB35-74ABC2F7E25A}.Release|Any CPU.ActiveCfg = Release|Any CPU
		{4377F4A1-39F7-40B5-AB35-74ABC2F7E25A}.Release|Any CPU.Build.0 = Release|Any CPU
		{7CCEB43F-555C-4046-A7D9-9E695C00C59A}.Debug|Any CPU.ActiveCfg = Debug|Any CPU
		{7CCEB43F-555C-4046-A7D9-9E695C00C59A}.Debug|Any CPU.Build.0 = Debug|Any CPU
		{7CCEB43F-555C-4046-A7D9-9E695C00C59A}.Release|Any CPU.ActiveCfg = Release|Any CPU
		{7CCEB43F-555C-4046-A7D9-9E695C00C59A}.Release|Any CPU.Build.0 = Release|Any CPU
		{61D86B81-6145-4A58-BC5D-9AC0F23F5AD1}.Debug|Any CPU.ActiveCfg = Debug|Any CPU
		{61D86B81-6145-4A58-BC5D-9AC0F23F5AD1}.Debug|Any CPU.Build.0 = Debug|Any CPU
		{61D86B81-6145-4A58-BC5D-9AC0F23F5AD1}.Release|Any CPU.ActiveCfg = Release|Any CPU
		{61D86B81-6145-4A58-BC5D-9AC0F23F5AD1}.Release|Any CPU.Build.0 = Release|Any CPU
		{A59B2CA9-D4FF-4B9C-BE26-1DC90AB95584}.Debug|Any CPU.ActiveCfg = Debug|Any CPU
		{A59B2CA9-D4FF-4B9C-BE26-1DC90AB95584}.Debug|Any CPU.Build.0 = Debug|Any CPU
		{A59B2CA9-D4FF-4B9C-BE26-1DC90AB95584}.Release|Any CPU.ActiveCfg = Release|Any CPU
		{A59B2CA9-D4FF-4B9C-BE26-1DC90AB95584}.Release|Any CPU.Build.0 = Release|Any CPU
		{A63F667B-0900-4801-9944-3D5A8B269901}.Debug|Any CPU.ActiveCfg = Debug|Any CPU
		{A63F667B-0900-4801-9944-3D5A8B269901}.Debug|Any CPU.Build.0 = Debug|Any CPU
		{A63F667B-0900-4801-9944-3D5A8B269901}.Release|Any CPU.ActiveCfg = Release|Any CPU
		{A63F667B-0900-4801-9944-3D5A8B269901}.Release|Any CPU.Build.0 = Release|Any CPU
		{C7DA69B6-6A17-4972-8238-AF3B859926AA}.Debug|Any CPU.ActiveCfg = Debug|Any CPU
		{C7DA69B6-6A17-4972-8238-AF3B859926AA}.Debug|Any CPU.Build.0 = Debug|Any CPU
		{C7DA69B6-6A17-4972-8238-AF3B859926AA}.Release|Any CPU.ActiveCfg = Release|Any CPU
		{C7DA69B6-6A17-4972-8238-AF3B859926AA}.Release|Any CPU.Build.0 = Release|Any CPU
	EndGlobalSection
	GlobalSection(SolutionProperties) = preSolution
		HideSolutionNode = FALSE
	EndGlobalSection
	GlobalSection(NestedProjects) = preSolution
		{4377F4A1-39F7-40B5-AB35-74ABC2F7E25A} = {6986CCEE-E087-4C7C-8257-64FA9049F3CB}
		{7CCEB43F-555C-4046-A7D9-9E695C00C59A} = {57138B10-AFCC-4001-BFE2-422A6FF03A41}
		{61D86B81-6145-4A58-BC5D-9AC0F23F5AD1} = {A92184B2-39D2-41F3-9364-E5049B8DCCA2}
		{A59B2CA9-D4FF-4B9C-BE26-1DC90AB95584} = {A92184B2-39D2-41F3-9364-E5049B8DCCA2}
		{A63F667B-0900-4801-9944-3D5A8B269901} = {A92184B2-39D2-41F3-9364-E5049B8DCCA2}
		{C7DA69B6-6A17-4972-8238-AF3B859926AA} = {BBC45FF6-C380-41F2-9FDF-AA981F94C81B}
	EndGlobalSection
	GlobalSection(ExtensibilityGlobals) = postSolution
		SolutionGuid = {2826124A-2E94-40D8-8578-1D8A2EF4249B}
	EndGlobalSection
EndGlobal
