
Microsoft Visual Studio Solution File, Format Version 12.00
# Visual Studio Version 16
VisualStudioVersion = 16.0.30907.101
MinimumVisualStudioVersion = 10.0.40219.1
Project("{FAE04EC0-301F-11D3-BF4B-00C04F79EFBC}") = "Assignment1", "Assignment1\Assignment1.csproj", "{452550B6-F73F-458D-AF8C-5BFB64C93C4E}"
EndProject
Global
	GlobalSection(SolutionConfigurationPlatforms) = preSolution
		Debug|Any CPU = Debug|Any CPU
		Release|Any CPU = Release|Any CPU
	EndGlobalSection
	GlobalSection(ProjectConfigurationPlatforms) = postSolution
		{452550B6-F73F-458D-AF8C-5BFB64C93C4E}.Debug|Any CPU.ActiveCfg = Debug|Any CPU
		{452550B6-F73F-458D-AF8C-5BFB64C93C4E}.Debug|Any CPU.Build.0 = Debug|Any CPU
		{452550B6-F73F-458D-AF8C-5BFB64C93C4E}.Release|Any CPU.ActiveCfg = Release|Any CPU
		{452550B6-F73F-458D-AF8C-5BFB64C93C4E}.Release|Any CPU.Build.0 = Release|Any CPU
	EndGlobalSection
	GlobalSection(SolutionProperties) = preSolution
		HideSolutionNode = FALSE
	EndGlobalSection
	GlobalSection(ExtensibilityGlobals) = postSolution
		SolutionGuid = {2059E939-B2D2-4610-8619-37C11B04AC60}
	EndGlobalSection
EndGlobal
