
Microsoft Visual Studio Solution File, Format Version 12.00
# Visual Studio Version 16
VisualStudioVersion = 16.0.31129.286
MinimumVisualStudioVersion = 10.0.40219.1
Project("{FAE04EC0-301F-11D3-BF4B-00C04F79EFBC}") = "SpicejetApi", "SpicejetApi\SpicejetApi.csproj", "{FC6B40F5-7AFB-47FC-BD67-E8D4DE7D4BC3}"
EndProject
Global
	GlobalSection(SolutionConfigurationPlatforms) = preSolution
		Debug|Any CPU = Debug|Any CPU
		Release|Any CPU = Release|Any CPU
	EndGlobalSection
	GlobalSection(ProjectConfigurationPlatforms) = postSolution
		{FC6B40F5-7AFB-47FC-BD67-E8D4DE7D4BC3}.Debug|Any CPU.ActiveCfg = Debug|Any CPU
		{FC6B40F5-7AFB-47FC-BD67-E8D4DE7D4BC3}.Debug|Any CPU.Build.0 = Debug|Any CPU
		{FC6B40F5-7AFB-47FC-BD67-E8D4DE7D4BC3}.Release|Any CPU.ActiveCfg = Release|Any CPU
		{FC6B40F5-7AFB-47FC-BD67-E8D4DE7D4BC3}.Release|Any CPU.Build.0 = Release|Any CPU
	EndGlobalSection
	GlobalSection(SolutionProperties) = preSolution
		HideSolutionNode = FALSE
	EndGlobalSection
	GlobalSection(ExtensibilityGlobals) = postSolution
		SolutionGuid = {AC35E00D-B8CF-4E84-AFE2-80418B68AAAF}
	EndGlobalSection
EndGlobal
