
Microsoft Visual Studio Solution File, Format Version 12.00
# Visual Studio Version 16
VisualStudioVersion = 16.0.30907.101
MinimumVisualStudioVersion = 10.0.40219.1
Project("{FAE04EC0-301F-11D3-BF4B-00C04F79EFBC}") = "Practice", "Practice\Practice.csproj", "{66A9D025-A53E-41BB-A58C-54C6E9B3A4F0}"
EndProject
Project("{FAE04EC0-301F-11D3-BF4B-00C04F79EFBC}") = "Assignment", "Assignment\Assignment.csproj", "{5BFCB5F0-074F-4178-9A86-F88B17E376E3}"
EndProject
Global
	GlobalSection(SolutionConfigurationPlatforms) = preSolution
		Debug|Any CPU = Debug|Any CPU
		Release|Any CPU = Release|Any CPU
	EndGlobalSection
	GlobalSection(ProjectConfigurationPlatforms) = postSolution
		{66A9D025-A53E-41BB-A58C-54C6E9B3A4F0}.Debug|Any CPU.ActiveCfg = Debug|Any CPU
		{66A9D025-A53E-41BB-A58C-54C6E9B3A4F0}.Debug|Any CPU.Build.0 = Debug|Any CPU
		{66A9D025-A53E-41BB-A58C-54C6E9B3A4F0}.Release|Any CPU.ActiveCfg = Release|Any CPU
		{66A9D025-A53E-41BB-A58C-54C6E9B3A4F0}.Release|Any CPU.Build.0 = Release|Any CPU
		{5BFCB5F0-074F-4178-9A86-F88B17E376E3}.Debug|Any CPU.ActiveCfg = Debug|Any CPU
		{5BFCB5F0-074F-4178-9A86-F88B17E376E3}.Debug|Any CPU.Build.0 = Debug|Any CPU
		{5BFCB5F0-074F-4178-9A86-F88B17E376E3}.Release|Any CPU.ActiveCfg = Release|Any CPU
		{5BFCB5F0-074F-4178-9A86-F88B17E376E3}.Release|Any CPU.Build.0 = Release|Any CPU
	EndGlobalSection
	GlobalSection(SolutionProperties) = preSolution
		HideSolutionNode = FALSE
	EndGlobalSection
	GlobalSection(ExtensibilityGlobals) = postSolution
		SolutionGuid = {C46302EA-3B2D-4E57-85BB-AF3D666E74D1}
	EndGlobalSection
EndGlobal
