
Microsoft Visual Studio Solution File, Format Version 12.00
# Visual Studio Version 16
VisualStudioVersion = 16.0.30804.86
MinimumVisualStudioVersion = 10.0.40219.1
Project("{FAE04EC0-301F-11D3-BF4B-00C04F79EFBC}") = "PracticeTasks", "PracticeTasks\PracticeTasks.csproj", "{38A3EC39-FE2D-41D0-B6A7-A670150533B5}"
EndProject
Project("{9A19103F-16F7-4668-BE54-9A1E7A4F7556}") = "AssignmentTask", "..\..\..\..\Day2\Disha-Shah\Assignment\AssignmentTask\AssignmentTask.csproj", "{3A54963D-AF74-4E80-964E-58ED512C76BE}"
EndProject
Project("{9A19103F-16F7-4668-BE54-9A1E7A4F7556}") = "BankApplication", "..\..\..\..\Day2\Disha-Shah\Practice\BankApplication\BankApplication.csproj", "{E5505EE3-187E-482B-93A6-ED73551C798B}"
EndProject
Project("{FAE04EC0-301F-11D3-BF4B-00C04F79EFBC}") = "AssignmentTasks", "..\..\Assignment\AssignmentTasks\AssignmentTasks.csproj", "{5556A013-DCF5-4A1B-987F-1A47F671DE7B}"
EndProject
Project("{9A19103F-16F7-4668-BE54-9A1E7A4F7556}") = "Day2_PPT_Videos_msdn_Practice", "..\..\..\..\Day2\Disha-Shah\Practice\PPT_Videos_MSDN_Practice\PPT_Videos_MSDN_Practice\Day2_PPT_Videos_msdn_Practice.csproj", "{5072485C-C906-4FDB-8231-EF4166E54CB9}"
EndProject
Global
	GlobalSection(SolutionConfigurationPlatforms) = preSolution
		Debug|Any CPU = Debug|Any CPU
		Release|Any CPU = Release|Any CPU
	EndGlobalSection
	GlobalSection(ProjectConfigurationPlatforms) = postSolution
		{38A3EC39-FE2D-41D0-B6A7-A670150533B5}.Debug|Any CPU.ActiveCfg = Debug|Any CPU
		{38A3EC39-FE2D-41D0-B6A7-A670150533B5}.Debug|Any CPU.Build.0 = Debug|Any CPU
		{38A3EC39-FE2D-41D0-B6A7-A670150533B5}.Release|Any CPU.ActiveCfg = Release|Any CPU
		{38A3EC39-FE2D-41D0-B6A7-A670150533B5}.Release|Any CPU.Build.0 = Release|Any CPU
		{3A54963D-AF74-4E80-964E-58ED512C76BE}.Debug|Any CPU.ActiveCfg = Debug|Any CPU
		{3A54963D-AF74-4E80-964E-58ED512C76BE}.Debug|Any CPU.Build.0 = Debug|Any CPU
		{3A54963D-AF74-4E80-964E-58ED512C76BE}.Release|Any CPU.ActiveCfg = Release|Any CPU
		{3A54963D-AF74-4E80-964E-58ED512C76BE}.Release|Any CPU.Build.0 = Release|Any CPU
		{E5505EE3-187E-482B-93A6-ED73551C798B}.Debug|Any CPU.ActiveCfg = Debug|Any CPU
		{E5505EE3-187E-482B-93A6-ED73551C798B}.Debug|Any CPU.Build.0 = Debug|Any CPU
		{E5505EE3-187E-482B-93A6-ED73551C798B}.Release|Any CPU.ActiveCfg = Release|Any CPU
		{E5505EE3-187E-482B-93A6-ED73551C798B}.Release|Any CPU.Build.0 = Release|Any CPU
		{5556A013-DCF5-4A1B-987F-1A47F671DE7B}.Debug|Any CPU.ActiveCfg = Debug|Any CPU
		{5556A013-DCF5-4A1B-987F-1A47F671DE7B}.Debug|Any CPU.Build.0 = Debug|Any CPU
		{5556A013-DCF5-4A1B-987F-1A47F671DE7B}.Release|Any CPU.ActiveCfg = Release|Any CPU
		{5556A013-DCF5-4A1B-987F-1A47F671DE7B}.Release|Any CPU.Build.0 = Release|Any CPU
		{5072485C-C906-4FDB-8231-EF4166E54CB9}.Debug|Any CPU.ActiveCfg = Debug|Any CPU
		{5072485C-C906-4FDB-8231-EF4166E54CB9}.Debug|Any CPU.Build.0 = Debug|Any CPU
		{5072485C-C906-4FDB-8231-EF4166E54CB9}.Release|Any CPU.ActiveCfg = Release|Any CPU
		{5072485C-C906-4FDB-8231-EF4166E54CB9}.Release|Any CPU.Build.0 = Release|Any CPU
	EndGlobalSection
	GlobalSection(SolutionProperties) = preSolution
		HideSolutionNode = FALSE
	EndGlobalSection
	GlobalSection(ExtensibilityGlobals) = postSolution
		SolutionGuid = {6495F814-6BD4-4346-A6EE-17D902F60315}
	EndGlobalSection
EndGlobal
