
Microsoft Visual Studio Solution File, Format Version 12.00
# Visual Studio Version 16
VisualStudioVersion = 16.0.31129.286
MinimumVisualStudioVersion = 10.0.40219.1
Project("{FAE04EC0-301F-11D3-BF4B-00C04F79EFBC}") = "practiceApp", "practiceApp\practiceApp.csproj", "{13FE72D3-6619-4366-ABA5-9B6552C2D452}"
EndProject
Global
	GlobalSection(SolutionConfigurationPlatforms) = preSolution
		Debug|Any CPU = Debug|Any CPU
		Release|Any CPU = Release|Any CPU
	EndGlobalSection
	GlobalSection(ProjectConfigurationPlatforms) = postSolution
		{13FE72D3-6619-4366-ABA5-9B6552C2D452}.Debug|Any CPU.ActiveCfg = Debug|Any CPU
		{13FE72D3-6619-4366-ABA5-9B6552C2D452}.Debug|Any CPU.Build.0 = Debug|Any CPU
		{13FE72D3-6619-4366-ABA5-9B6552C2D452}.Release|Any CPU.ActiveCfg = Release|Any CPU
		{13FE72D3-6619-4366-ABA5-9B6552C2D452}.Release|Any CPU.Build.0 = Release|Any CPU
	EndGlobalSection
	GlobalSection(SolutionProperties) = preSolution
		HideSolutionNode = FALSE
	EndGlobalSection
	GlobalSection(ExtensibilityGlobals) = postSolution
		SolutionGuid = {BFD9CA7E-7C5D-4B4E-B194-7ED2F79A7809}
	EndGlobalSection
EndGlobal
