
Microsoft Visual Studio Solution File, Format Version 12.00
# Visual Studio Version 16
VisualStudioVersion = 16.0.31205.134
MinimumVisualStudioVersion = 10.0.40219.1
Project("{FAE04EC0-301F-11D3-BF4B-00C04F79EFBC}") = "NaukriProject", "NaukriProject\NaukriProject.csproj", "{4D06BE48-EACA-4D1C-84A1-33656FA91E9C}"
EndProject
Global
	GlobalSection(SolutionConfigurationPlatforms) = preSolution
		Debug|Any CPU = Debug|Any CPU
		Release|Any CPU = Release|Any CPU
	EndGlobalSection
	GlobalSection(ProjectConfigurationPlatforms) = postSolution
		{4D06BE48-EACA-4D1C-84A1-33656FA91E9C}.Debug|Any CPU.ActiveCfg = Debug|Any CPU
		{4D06BE48-EACA-4D1C-84A1-33656FA91E9C}.Debug|Any CPU.Build.0 = Debug|Any CPU
		{4D06BE48-EACA-4D1C-84A1-33656FA91E9C}.Release|Any CPU.ActiveCfg = Release|Any CPU
		{4D06BE48-EACA-4D1C-84A1-33656FA91E9C}.Release|Any CPU.Build.0 = Release|Any CPU
	EndGlobalSection
	GlobalSection(SolutionProperties) = preSolution
		HideSolutionNode = FALSE
	EndGlobalSection
	GlobalSection(ExtensibilityGlobals) = postSolution
		SolutionGuid = {638FE0F0-3ACE-4B7C-8B3F-C11947801E86}
	EndGlobalSection
EndGlobal
