
Microsoft Visual Studio Solution File, Format Version 12.00
# Visual Studio Version 16
VisualStudioVersion = 16.0.31129.286
MinimumVisualStudioVersion = 10.0.40219.1
Project("{9A19103F-16F7-4668-BE54-9A1E7A4F7556}") = "Assignment", "Assignment\Assignment.csproj", "{B6B1AD35-AF19-43FA-BC2E-B1E151D91048}"
EndProject
Project("{9A19103F-16F7-4668-BE54-9A1E7A4F7556}") = "ZodicSign", "ZodicSign\ZodicSign\ZodicSign.csproj", "{28F81660-965C-4BFB-A642-C677AED27966}"
EndProject
Global
	GlobalSection(SolutionConfigurationPlatforms) = preSolution
		Debug|Any CPU = Debug|Any CPU
		Release|Any CPU = Release|Any CPU
	EndGlobalSection
	GlobalSection(ProjectConfigurationPlatforms) = postSolution
		{B6B1AD35-AF19-43FA-BC2E-B1E151D91048}.Debug|Any CPU.ActiveCfg = Debug|Any CPU
		{B6B1AD35-AF19-43FA-BC2E-B1E151D91048}.Debug|Any CPU.Build.0 = Debug|Any CPU
		{B6B1AD35-AF19-43FA-BC2E-B1E151D91048}.Release|Any CPU.ActiveCfg = Release|Any CPU
		{B6B1AD35-AF19-43FA-BC2E-B1E151D91048}.Release|Any CPU.Build.0 = Release|Any CPU
		{28F81660-965C-4BFB-A642-C677AED27966}.Debug|Any CPU.ActiveCfg = Debug|Any CPU
		{28F81660-965C-4BFB-A642-C677AED27966}.Debug|Any CPU.Build.0 = Debug|Any CPU
		{28F81660-965C-4BFB-A642-C677AED27966}.Release|Any CPU.ActiveCfg = Release|Any CPU
		{28F81660-965C-4BFB-A642-C677AED27966}.Release|Any CPU.Build.0 = Release|Any CPU
	EndGlobalSection
	GlobalSection(SolutionProperties) = preSolution
		HideSolutionNode = FALSE
	EndGlobalSection
	GlobalSection(ExtensibilityGlobals) = postSolution
		SolutionGuid = {A86C7570-B622-4AEF-A83D-3D826C9D5E1B}
	EndGlobalSection
EndGlobal
