
Microsoft Visual Studio Solution File, Format Version 12.00
# Visual Studio Version 16
VisualStudioVersion = 16.0.31129.286
MinimumVisualStudioVersion = 10.0.40219.1
Project("{FAE04EC0-301F-11D3-BF4B-00C04F79EFBC}") = "AsynchronousDemo", "AsynchronousDemo\AsynchronousDemo.csproj", "{D9829AED-C653-4C62-86D7-031964E75AA0}"
EndProject
Global
	GlobalSection(SolutionConfigurationPlatforms) = preSolution
		Debug|Any CPU = Debug|Any CPU
		Release|Any CPU = Release|Any CPU
	EndGlobalSection
	GlobalSection(ProjectConfigurationPlatforms) = postSolution
		{D9829AED-C653-4C62-86D7-031964E75AA0}.Debug|Any CPU.ActiveCfg = Debug|Any CPU
		{D9829AED-C653-4C62-86D7-031964E75AA0}.Debug|Any CPU.Build.0 = Debug|Any CPU
		{D9829AED-C653-4C62-86D7-031964E75AA0}.Release|Any CPU.ActiveCfg = Release|Any CPU
		{D9829AED-C653-4C62-86D7-031964E75AA0}.Release|Any CPU.Build.0 = Release|Any CPU
	EndGlobalSection
	GlobalSection(SolutionProperties) = preSolution
		HideSolutionNode = FALSE
	EndGlobalSection
	GlobalSection(ExtensibilityGlobals) = postSolution
		SolutionGuid = {FC5FCC80-3EC0-47EC-BAE7-C262F9D7C09D}
	EndGlobalSection
EndGlobal
