
Microsoft Visual Studio Solution File, Format Version 12.00
# Visual Studio Version 16
VisualStudioVersion = 16.0.31129.286
MinimumVisualStudioVersion = 10.0.40219.1
Project("{FAE04EC0-301F-11D3-BF4B-00C04F79EFBC}") = "Assignment", "Assignment\Assignment.csproj", "{23743AD8-A543-4BDA-8D7C-2A951937A5C9}"
EndProject
Global
	GlobalSection(SolutionConfigurationPlatforms) = preSolution
		Debug|Any CPU = Debug|Any CPU
		Release|Any CPU = Release|Any CPU
	EndGlobalSection
	GlobalSection(ProjectConfigurationPlatforms) = postSolution
		{23743AD8-A543-4BDA-8D7C-2A951937A5C9}.Debug|Any CPU.ActiveCfg = Debug|Any CPU
		{23743AD8-A543-4BDA-8D7C-2A951937A5C9}.Debug|Any CPU.Build.0 = Debug|Any CPU
		{23743AD8-A543-4BDA-8D7C-2A951937A5C9}.Release|Any CPU.ActiveCfg = Release|Any CPU
		{23743AD8-A543-4BDA-8D7C-2A951937A5C9}.Release|Any CPU.Build.0 = Release|Any CPU
	EndGlobalSection
	GlobalSection(SolutionProperties) = preSolution
		HideSolutionNode = FALSE
	EndGlobalSection
	GlobalSection(ExtensibilityGlobals) = postSolution
		SolutionGuid = {DB4979E4-431A-4AC4-82C6-002C2DB12570}
	EndGlobalSection
EndGlobal
