
Microsoft Visual Studio Solution File, Format Version 12.00
# Visual Studio Version 16
VisualStudioVersion = 16.0.30804.86
MinimumVisualStudioVersion = 10.0.40219.1
Project("{FAE04EC0-301F-11D3-BF4B-00C04F79EFBC}") = "Day4Practice", "Day4Practice\Day4Practice.csproj", "{761402F2-CF15-44FA-A325-EAA31E50BA04}"
EndProject
Project("{9A19103F-16F7-4668-BE54-9A1E7A4F7556}") = "BankApplication", "..\..\..\..\Day2\Disha-Shah\Practice\BankApplication\BankApplication.csproj", "{C90E6CAF-61BE-4E51-A473-3080774B6FE2}"
EndProject
Project("{FAE04EC0-301F-11D3-BF4B-00C04F79EFBC}") = "Day4Assignment", "..\..\Assignment\Day4Assignment\Day4Assignment.csproj", "{7F0F163D-012A-4156-B592-73FEE486A125}"
EndProject
Project("{9A19103F-16F7-4668-BE54-9A1E7A4F7556}") = "AssignmentTasks", "..\..\..\..\Day3\Disha-Shah\Assignment\AssignmentTasks\AssignmentTasks.csproj", "{4B95DCDA-BC3F-4DE6-97EF-600D50002862}"
EndProject
Global
	GlobalSection(SolutionConfigurationPlatforms) = preSolution
		Debug|Any CPU = Debug|Any CPU
		Release|Any CPU = Release|Any CPU
	EndGlobalSection
	GlobalSection(ProjectConfigurationPlatforms) = postSolution
		{761402F2-CF15-44FA-A325-EAA31E50BA04}.Debug|Any CPU.ActiveCfg = Debug|Any CPU
		{761402F2-CF15-44FA-A325-EAA31E50BA04}.Debug|Any CPU.Build.0 = Debug|Any CPU
		{761402F2-CF15-44FA-A325-EAA31E50BA04}.Release|Any CPU.ActiveCfg = Release|Any CPU
		{761402F2-CF15-44FA-A325-EAA31E50BA04}.Release|Any CPU.Build.0 = Release|Any CPU
		{C90E6CAF-61BE-4E51-A473-3080774B6FE2}.Debug|Any CPU.ActiveCfg = Debug|Any CPU
		{C90E6CAF-61BE-4E51-A473-3080774B6FE2}.Debug|Any CPU.Build.0 = Debug|Any CPU
		{C90E6CAF-61BE-4E51-A473-3080774B6FE2}.Release|Any CPU.ActiveCfg = Release|Any CPU
		{C90E6CAF-61BE-4E51-A473-3080774B6FE2}.Release|Any CPU.Build.0 = Release|Any CPU
		{7F0F163D-012A-4156-B592-73FEE486A125}.Debug|Any CPU.ActiveCfg = Debug|Any CPU
		{7F0F163D-012A-4156-B592-73FEE486A125}.Debug|Any CPU.Build.0 = Debug|Any CPU
		{7F0F163D-012A-4156-B592-73FEE486A125}.Release|Any CPU.ActiveCfg = Release|Any CPU
		{7F0F163D-012A-4156-B592-73FEE486A125}.Release|Any CPU.Build.0 = Release|Any CPU
		{4B95DCDA-BC3F-4DE6-97EF-600D50002862}.Debug|Any CPU.ActiveCfg = Debug|Any CPU
		{4B95DCDA-BC3F-4DE6-97EF-600D50002862}.Debug|Any CPU.Build.0 = Debug|Any CPU
		{4B95DCDA-BC3F-4DE6-97EF-600D50002862}.Release|Any CPU.ActiveCfg = Release|Any CPU
		{4B95DCDA-BC3F-4DE6-97EF-600D50002862}.Release|Any CPU.Build.0 = Release|Any CPU
	EndGlobalSection
	GlobalSection(SolutionProperties) = preSolution
		HideSolutionNode = FALSE
	EndGlobalSection
	GlobalSection(ExtensibilityGlobals) = postSolution
		SolutionGuid = {3BD7447A-75A5-4125-BC35-AD4A6E850493}
	EndGlobalSection
EndGlobal
