
Microsoft Visual Studio Solution File, Format Version 12.00
# Visual Studio Version 16
VisualStudioVersion = 16.0.30907.101
MinimumVisualStudioVersion = 10.0.40219.1
Project("{FAE04EC0-301F-11D3-BF4B-00C04F79EFBC}") = "ConsoleApp1", "ConsoleApp1\ConsoleApp1.csproj", "{F88C47A5-3870-4B34-997A-5B5026B487BC}"
EndProject
Global
	GlobalSection(SolutionConfigurationPlatforms) = preSolution
		Debug|Any CPU = Debug|Any CPU
		Release|Any CPU = Release|Any CPU
	EndGlobalSection
	GlobalSection(ProjectConfigurationPlatforms) = postSolution
		{F88C47A5-3870-4B34-997A-5B5026B487BC}.Debug|Any CPU.ActiveCfg = Debug|Any CPU
		{F88C47A5-3870-4B34-997A-5B5026B487BC}.Debug|Any CPU.Build.0 = Debug|Any CPU
		{F88C47A5-3870-4B34-997A-5B5026B487BC}.Release|Any CPU.ActiveCfg = Release|Any CPU
		{F88C47A5-3870-4B34-997A-5B5026B487BC}.Release|Any CPU.Build.0 = Release|Any CPU
	EndGlobalSection
	GlobalSection(SolutionProperties) = preSolution
		HideSolutionNode = FALSE
	EndGlobalSection
	GlobalSection(ExtensibilityGlobals) = postSolution
		SolutionGuid = {BEAD0DE1-49CE-4EFA-960C-736851D573EC}
	EndGlobalSection
EndGlobal
