
Microsoft Visual Studio Solution File, Format Version 12.00
# Visual Studio Version 16
VisualStudioVersion = 16.0.30804.86
MinimumVisualStudioVersion = 10.0.40219.1
Project("{9A19103F-16F7-4668-BE54-9A1E7A4F7556}") = "try-catch", "try-catch\try-catch.csproj", "{5A982807-1EF4-4444-8ECF-8E224B368D05}"
EndProject
Project("{FAE04EC0-301F-11D3-BF4B-00C04F79EFBC}") = "namevalidate-trycatch", "namevalidate-trycatch\namevalidate-trycatch.csproj", "{A8727C8D-4B13-4AE1-96EA-6C626EF54CDB}"
EndProject
Project("{FAE04EC0-301F-11D3-BF4B-00C04F79EFBC}") = "Dateassignment", "Dateassignment\Dateassignment.csproj", "{236A3B48-0DB7-41AB-A2A2-420B60EA5DD4}"
EndProject
Global
	GlobalSection(SolutionConfigurationPlatforms) = preSolution
		Debug|Any CPU = Debug|Any CPU
		Release|Any CPU = Release|Any CPU
	EndGlobalSection
	GlobalSection(ProjectConfigurationPlatforms) = postSolution
		{5A982807-1EF4-4444-8ECF-8E224B368D05}.Debug|Any CPU.ActiveCfg = Debug|Any CPU
		{5A982807-1EF4-4444-8ECF-8E224B368D05}.Debug|Any CPU.Build.0 = Debug|Any CPU
		{5A982807-1EF4-4444-8ECF-8E224B368D05}.Release|Any CPU.ActiveCfg = Release|Any CPU
		{5A982807-1EF4-4444-8ECF-8E224B368D05}.Release|Any CPU.Build.0 = Release|Any CPU
		{A8727C8D-4B13-4AE1-96EA-6C626EF54CDB}.Debug|Any CPU.ActiveCfg = Debug|Any CPU
		{A8727C8D-4B13-4AE1-96EA-6C626EF54CDB}.Debug|Any CPU.Build.0 = Debug|Any CPU
		{A8727C8D-4B13-4AE1-96EA-6C626EF54CDB}.Release|Any CPU.ActiveCfg = Release|Any CPU
		{A8727C8D-4B13-4AE1-96EA-6C626EF54CDB}.Release|Any CPU.Build.0 = Release|Any CPU
		{236A3B48-0DB7-41AB-A2A2-420B60EA5DD4}.Debug|Any CPU.ActiveCfg = Debug|Any CPU
		{236A3B48-0DB7-41AB-A2A2-420B60EA5DD4}.Debug|Any CPU.Build.0 = Debug|Any CPU
		{236A3B48-0DB7-41AB-A2A2-420B60EA5DD4}.Release|Any CPU.ActiveCfg = Release|Any CPU
		{236A3B48-0DB7-41AB-A2A2-420B60EA5DD4}.Release|Any CPU.Build.0 = Release|Any CPU
	EndGlobalSection
	GlobalSection(SolutionProperties) = preSolution
		HideSolutionNode = FALSE
	EndGlobalSection
	GlobalSection(ExtensibilityGlobals) = postSolution
		SolutionGuid = {1EBFF980-9655-4BCD-851D-96EEC43911D2}
	EndGlobalSection
EndGlobal
