
Microsoft Visual Studio Solution File, Format Version 12.00
# Visual Studio Version 16
VisualStudioVersion = 16.0.31129.286
MinimumVisualStudioVersion = 10.0.40219.1
Project("{FAE04EC0-301F-11D3-BF4B-00C04F79EFBC}") = "Assignment", "Assignment\Assignment.csproj", "{74AA6C32-FE3B-44CD-A5E5-B8C653B41001}"
EndProject
Project("{FAE04EC0-301F-11D3-BF4B-00C04F79EFBC}") = "Practice Exercise", "Practice Exercise\Practice Exercise.csproj", "{5EEBC1C0-3D4C-4CAC-AE4A-2C19F5AAFAB2}"
EndProject
Global
	GlobalSection(SolutionConfigurationPlatforms) = preSolution
		Debug|Any CPU = Debug|Any CPU
		Release|Any CPU = Release|Any CPU
	EndGlobalSection
	GlobalSection(ProjectConfigurationPlatforms) = postSolution
		{74AA6C32-FE3B-44CD-A5E5-B8C653B41001}.Debug|Any CPU.ActiveCfg = Debug|Any CPU
		{74AA6C32-FE3B-44CD-A5E5-B8C653B41001}.Debug|Any CPU.Build.0 = Debug|Any CPU
		{74AA6C32-FE3B-44CD-A5E5-B8C653B41001}.Release|Any CPU.ActiveCfg = Release|Any CPU
		{74AA6C32-FE3B-44CD-A5E5-B8C653B41001}.Release|Any CPU.Build.0 = Release|Any CPU
		{5EEBC1C0-3D4C-4CAC-AE4A-2C19F5AAFAB2}.Debug|Any CPU.ActiveCfg = Debug|Any CPU
		{5EEBC1C0-3D4C-4CAC-AE4A-2C19F5AAFAB2}.Debug|Any CPU.Build.0 = Debug|Any CPU
		{5EEBC1C0-3D4C-4CAC-AE4A-2C19F5AAFAB2}.Release|Any CPU.ActiveCfg = Release|Any CPU
		{5EEBC1C0-3D4C-4CAC-AE4A-2C19F5AAFAB2}.Release|Any CPU.Build.0 = Release|Any CPU
	EndGlobalSection
	GlobalSection(SolutionProperties) = preSolution
		HideSolutionNode = FALSE
	EndGlobalSection
	GlobalSection(ExtensibilityGlobals) = postSolution
		SolutionGuid = {6223D03B-6887-4FB7-BD0B-06644CCD9885}
	EndGlobalSection
EndGlobal
