
Microsoft Visual Studio Solution File, Format Version 12.00
# Visual Studio Version 16
VisualStudioVersion = 16.0.30804.86
MinimumVisualStudioVersion = 10.0.40219.1
Project("{FAE04EC0-301F-11D3-BF4B-00C04F79EFBC}") = "StudentAdmissionFormAPI", "StudentAdmissionFormAPI\StudentAdmissionFormAPI.csproj", "{BCB0CDA2-FA86-495D-A54B-442B0531BA07}"
EndProject
Global
	GlobalSection(SolutionConfigurationPlatforms) = preSolution
		Debug|Any CPU = Debug|Any CPU
		Release|Any CPU = Release|Any CPU
	EndGlobalSection
	GlobalSection(ProjectConfigurationPlatforms) = postSolution
		{BCB0CDA2-FA86-495D-A54B-442B0531BA07}.Debug|Any CPU.ActiveCfg = Debug|Any CPU
		{BCB0CDA2-FA86-495D-A54B-442B0531BA07}.Debug|Any CPU.Build.0 = Debug|Any CPU
		{BCB0CDA2-FA86-495D-A54B-442B0531BA07}.Release|Any CPU.ActiveCfg = Release|Any CPU
		{BCB0CDA2-FA86-495D-A54B-442B0531BA07}.Release|Any CPU.Build.0 = Release|Any CPU
	EndGlobalSection
	GlobalSection(SolutionProperties) = preSolution
		HideSolutionNode = FALSE
	EndGlobalSection
	GlobalSection(ExtensibilityGlobals) = postSolution
		SolutionGuid = {57B3E8F2-F58E-4E28-A921-CB7EAED81D40}
	EndGlobalSection
EndGlobal
