
Microsoft Visual Studio Solution File, Format Version 12.00
# Visual Studio Version 16
VisualStudioVersion = 16.0.30804.86
MinimumVisualStudioVersion = 10.0.40219.1
Project("{FAE04EC0-301F-11D3-BF4B-00C04F79EFBC}") = "Assignment", "Assignment\Assignment.csproj", "{714146FC-8D68-4906-8B7E-3AB8AF8E1345}"
EndProject
Global
	GlobalSection(SolutionConfigurationPlatforms) = preSolution
		Debug|Any CPU = Debug|Any CPU
		Release|Any CPU = Release|Any CPU
	EndGlobalSection
	GlobalSection(ProjectConfigurationPlatforms) = postSolution
		{714146FC-8D68-4906-8B7E-3AB8AF8E1345}.Debug|Any CPU.ActiveCfg = Debug|Any CPU
		{714146FC-8D68-4906-8B7E-3AB8AF8E1345}.Debug|Any CPU.Build.0 = Debug|Any CPU
		{714146FC-8D68-4906-8B7E-3AB8AF8E1345}.Release|Any CPU.ActiveCfg = Release|Any CPU
		{714146FC-8D68-4906-8B7E-3AB8AF8E1345}.Release|Any CPU.Build.0 = Release|Any CPU
	EndGlobalSection
	GlobalSection(SolutionProperties) = preSolution
		HideSolutionNode = FALSE
	EndGlobalSection
	GlobalSection(ExtensibilityGlobals) = postSolution
		SolutionGuid = {A6015666-B122-4FA4-B641-D6A649904E0C}
	EndGlobalSection
EndGlobal
