
Microsoft Visual Studio Solution File, Format Version 12.00
# Visual Studio Version 16
VisualStudioVersion = 16.0.30804.86
MinimumVisualStudioVersion = 10.0.40219.1
Project("{FAE04EC0-301F-11D3-BF4B-00C04F79EFBC}") = "PracticeExe2", "PracticeExe2\PracticeExe2.csproj", "{60055D64-0A79-4B58-962E-1C209609704F}"
EndProject
Global
	GlobalSection(SolutionConfigurationPlatforms) = preSolution
		Debug|Any CPU = Debug|Any CPU
		Release|Any CPU = Release|Any CPU
	EndGlobalSection
	GlobalSection(ProjectConfigurationPlatforms) = postSolution
		{60055D64-0A79-4B58-962E-1C209609704F}.Debug|Any CPU.ActiveCfg = Debug|Any CPU
		{60055D64-0A79-4B58-962E-1C209609704F}.Debug|Any CPU.Build.0 = Debug|Any CPU
		{60055D64-0A79-4B58-962E-1C209609704F}.Release|Any CPU.ActiveCfg = Release|Any CPU
		{60055D64-0A79-4B58-962E-1C209609704F}.Release|Any CPU.Build.0 = Release|Any CPU
	EndGlobalSection
	GlobalSection(SolutionProperties) = preSolution
		HideSolutionNode = FALSE
	EndGlobalSection
	GlobalSection(ExtensibilityGlobals) = postSolution
		SolutionGuid = {728B802E-A0B2-4B2A-97A3-E9F3F08257E3}
	EndGlobalSection
EndGlobal
