
Microsoft Visual Studio Solution File, Format Version 12.00
# Visual Studio Version 16
VisualStudioVersion = 16.0.30804.86
MinimumVisualStudioVersion = 10.0.40219.1
Project("{FAE04EC0-301F-11D3-BF4B-00C04F79EFBC}") = "Assignment", "Assignment\Assignment.csproj", "{61535480-E328-47BD-8FC0-A9B1E99B62EF}"
EndProject
Global
	GlobalSection(SolutionConfigurationPlatforms) = preSolution
		Debug|Any CPU = Debug|Any CPU
		Release|Any CPU = Release|Any CPU
	EndGlobalSection
	GlobalSection(ProjectConfigurationPlatforms) = postSolution
		{61535480-E328-47BD-8FC0-A9B1E99B62EF}.Debug|Any CPU.ActiveCfg = Debug|Any CPU
		{61535480-E328-47BD-8FC0-A9B1E99B62EF}.Debug|Any CPU.Build.0 = Debug|Any CPU
		{61535480-E328-47BD-8FC0-A9B1E99B62EF}.Release|Any CPU.ActiveCfg = Release|Any CPU
		{61535480-E328-47BD-8FC0-A9B1E99B62EF}.Release|Any CPU.Build.0 = Release|Any CPU
	EndGlobalSection
	GlobalSection(SolutionProperties) = preSolution
		HideSolutionNode = FALSE
	EndGlobalSection
	GlobalSection(ExtensibilityGlobals) = postSolution
		SolutionGuid = {F8523C5D-EDAE-42CB-9076-A0EB25B1D180}
	EndGlobalSection
EndGlobal
