
Microsoft Visual Studio Solution File, Format Version 12.00
# Visual Studio Version 16
VisualStudioVersion = 16.0.30804.86
MinimumVisualStudioVersion = 10.0.40219.1
Project("{FAE04EC0-301F-11D3-BF4B-00C04F79EFBC}") = "MvcMovie", "..\..\..\..\Day2\Disha-Shah\Practice\MvcMovie\MvcMovie.csproj", "{36815BA7-A1B7-4AE6-91D5-AD31AB62ACFD}"
EndProject
Global
	GlobalSection(SolutionConfigurationPlatforms) = preSolution
		Debug|Any CPU = Debug|Any CPU
		Release|Any CPU = Release|Any CPU
	EndGlobalSection
	GlobalSection(ProjectConfigurationPlatforms) = postSolution
		{36815BA7-A1B7-4AE6-91D5-AD31AB62ACFD}.Debug|Any CPU.ActiveCfg = Debug|Any CPU
		{36815BA7-A1B7-4AE6-91D5-AD31AB62ACFD}.Debug|Any CPU.Build.0 = Debug|Any CPU
		{36815BA7-A1B7-4AE6-91D5-AD31AB62ACFD}.Release|Any CPU.ActiveCfg = Release|Any CPU
		{36815BA7-A1B7-4AE6-91D5-AD31AB62ACFD}.Release|Any CPU.Build.0 = Release|Any CPU
	EndGlobalSection
	GlobalSection(SolutionProperties) = preSolution
		HideSolutionNode = FALSE
	EndGlobalSection
	GlobalSection(ExtensibilityGlobals) = postSolution
		SolutionGuid = {2B155774-8AF7-4EF7-A285-559662BBD270}
	EndGlobalSection
EndGlobal
