
Microsoft Visual Studio Solution File, Format Version 12.00
# Visual Studio Version 16
VisualStudioVersion = 16.0.30804.86
MinimumVisualStudioVersion = 10.0.40219.1
Project("{FAE04EC0-301F-11D3-BF4B-00C04F79EFBC}") = "PartyInvites", "PartyInvites\PartyInvites.csproj", "{B4B85FAD-E5C5-463D-AB4E-B12E1E58DF9E}"
EndProject
Global
	GlobalSection(SolutionConfigurationPlatforms) = preSolution
		Debug|Any CPU = Debug|Any CPU
		Release|Any CPU = Release|Any CPU
	EndGlobalSection
	GlobalSection(ProjectConfigurationPlatforms) = postSolution
		{B4B85FAD-E5C5-463D-AB4E-B12E1E58DF9E}.Debug|Any CPU.ActiveCfg = Debug|Any CPU
		{B4B85FAD-E5C5-463D-AB4E-B12E1E58DF9E}.Debug|Any CPU.Build.0 = Debug|Any CPU
		{B4B85FAD-E5C5-463D-AB4E-B12E1E58DF9E}.Release|Any CPU.ActiveCfg = Release|Any CPU
		{B4B85FAD-E5C5-463D-AB4E-B12E1E58DF9E}.Release|Any CPU.Build.0 = Release|Any CPU
	EndGlobalSection
	GlobalSection(SolutionProperties) = preSolution
		HideSolutionNode = FALSE
	EndGlobalSection
	GlobalSection(ExtensibilityGlobals) = postSolution
		SolutionGuid = {2B155774-8AF7-4EF7-A285-559662BBD270}
	EndGlobalSection
EndGlobal
