
Microsoft Visual Studio Solution File, Format Version 12.00
# Visual Studio Version 16
VisualStudioVersion = 16.0.31129.286
MinimumVisualStudioVersion = 10.0.40219.1
Project("{FAE04EC0-301F-11D3-BF4B-00C04F79EFBC}") = "Practice", "Practice.csproj", "{DD2BFDA2-2F32-4E24-98FC-F2C1676BB58F}"
EndProject
Project("{2150E333-8FDC-42A3-9474-1A3956D46DE8}") = "Solution Items", "Solution Items", "{74E5F866-4E62-468C-81BD-98DC0E48206B}"
EndProject
Project("{FAE04EC0-301F-11D3-BF4B-00C04F79EFBC}") = "Assignment", "..\Assignment\Assignment.csproj", "{3A2F13D0-9F30-4047-8D98-5100E0297B44}"
EndProject
Global
	GlobalSection(SolutionConfigurationPlatforms) = preSolution
		Debug|Any CPU = Debug|Any CPU
		Release|Any CPU = Release|Any CPU
	EndGlobalSection
	GlobalSection(ProjectConfigurationPlatforms) = postSolution
		{DD2BFDA2-2F32-4E24-98FC-F2C1676BB58F}.Debug|Any CPU.ActiveCfg = Debug|Any CPU
		{DD2BFDA2-2F32-4E24-98FC-F2C1676BB58F}.Debug|Any CPU.Build.0 = Debug|Any CPU
		{DD2BFDA2-2F32-4E24-98FC-F2C1676BB58F}.Release|Any CPU.ActiveCfg = Release|Any CPU
		{DD2BFDA2-2F32-4E24-98FC-F2C1676BB58F}.Release|Any CPU.Build.0 = Release|Any CPU
		{3A2F13D0-9F30-4047-8D98-5100E0297B44}.Debug|Any CPU.ActiveCfg = Debug|Any CPU
		{3A2F13D0-9F30-4047-8D98-5100E0297B44}.Debug|Any CPU.Build.0 = Debug|Any CPU
		{3A2F13D0-9F30-4047-8D98-5100E0297B44}.Release|Any CPU.ActiveCfg = Release|Any CPU
		{3A2F13D0-9F30-4047-8D98-5100E0297B44}.Release|Any CPU.Build.0 = Release|Any CPU
	EndGlobalSection
	GlobalSection(SolutionProperties) = preSolution
		HideSolutionNode = FALSE
	EndGlobalSection
	GlobalSection(ExtensibilityGlobals) = postSolution
		SolutionGuid = {B6321C35-0D73-4F2A-9624-02AF052E784D}
	EndGlobalSection
EndGlobal
