
Microsoft Visual Studio Solution File, Format Version 12.00
# Visual Studio Version 16
VisualStudioVersion = 16.0.30907.101
MinimumVisualStudioVersion = 10.0.40219.1
Project("{FAE04EC0-301F-11D3-BF4B-00C04F79EFBC}") = "StudentAngular", "StudentAngular.csproj", "{C33730D9-8574-4590-9383-BCDD4B81B3A6}"
EndProject
Global
	GlobalSection(SolutionConfigurationPlatforms) = preSolution
		Debug|Any CPU = Debug|Any CPU
		Release|Any CPU = Release|Any CPU
	EndGlobalSection
	GlobalSection(ProjectConfigurationPlatforms) = postSolution
		{C33730D9-8574-4590-9383-BCDD4B81B3A6}.Debug|Any CPU.ActiveCfg = Debug|Any CPU
		{C33730D9-8574-4590-9383-BCDD4B81B3A6}.Debug|Any CPU.Build.0 = Debug|Any CPU
		{C33730D9-8574-4590-9383-BCDD4B81B3A6}.Release|Any CPU.ActiveCfg = Release|Any CPU
		{C33730D9-8574-4590-9383-BCDD4B81B3A6}.Release|Any CPU.Build.0 = Release|Any CPU
	EndGlobalSection
	GlobalSection(SolutionProperties) = preSolution
		HideSolutionNode = FALSE
	EndGlobalSection
	GlobalSection(ExtensibilityGlobals) = postSolution
		SolutionGuid = {862E3C14-F7E5-4AA7-BFCC-869A9F0504B4}
	EndGlobalSection
EndGlobal
