
Microsoft Visual Studio Solution File, Format Version 12.00
# Visual Studio Version 16
VisualStudioVersion = 16.0.30907.101
MinimumVisualStudioVersion = 10.0.40219.1
Project("{FAE04EC0-301F-11D3-BF4B-00C04F79EFBC}") = "Practice", "Practice\Practice.csproj", "{0951105C-115B-4C7F-9037-E0247FD2261C}"
EndProject
Project("{FAE04EC0-301F-11D3-BF4B-00C04F79EFBC}") = "Assignment", "Assignment\Assignment.csproj", "{EFAB50EE-BDBE-4610-8DC3-8EFB94EB0C71}"
EndProject
Global
	GlobalSection(SolutionConfigurationPlatforms) = preSolution
		Debug|Any CPU = Debug|Any CPU
		Release|Any CPU = Release|Any CPU
	EndGlobalSection
	GlobalSection(ProjectConfigurationPlatforms) = postSolution
		{0951105C-115B-4C7F-9037-E0247FD2261C}.Debug|Any CPU.ActiveCfg = Debug|Any CPU
		{0951105C-115B-4C7F-9037-E0247FD2261C}.Debug|Any CPU.Build.0 = Debug|Any CPU
		{0951105C-115B-4C7F-9037-E0247FD2261C}.Release|Any CPU.ActiveCfg = Release|Any CPU
		{0951105C-115B-4C7F-9037-E0247FD2261C}.Release|Any CPU.Build.0 = Release|Any CPU
		{EFAB50EE-BDBE-4610-8DC3-8EFB94EB0C71}.Debug|Any CPU.ActiveCfg = Debug|Any CPU
		{EFAB50EE-BDBE-4610-8DC3-8EFB94EB0C71}.Debug|Any CPU.Build.0 = Debug|Any CPU
		{EFAB50EE-BDBE-4610-8DC3-8EFB94EB0C71}.Release|Any CPU.ActiveCfg = Release|Any CPU
		{EFAB50EE-BDBE-4610-8DC3-8EFB94EB0C71}.Release|Any CPU.Build.0 = Release|Any CPU
	EndGlobalSection
	GlobalSection(SolutionProperties) = preSolution
		HideSolutionNode = FALSE
	EndGlobalSection
	GlobalSection(ExtensibilityGlobals) = postSolution
		SolutionGuid = {DEAAFF16-279E-449D-9DDF-EC83577C9994}
	EndGlobalSection
EndGlobal
