
Microsoft Visual Studio Solution File, Format Version 12.00
# Visual Studio Version 16
VisualStudioVersion = 16.0.30804.86
MinimumVisualStudioVersion = 10.0.40219.1
Project("{FAE04EC0-301F-11D3-BF4B-00C04F79EFBC}") = "ConsoleApp1", "ConsoleApp1\ConsoleApp1.csproj", "{F38CA496-0EAA-4396-B9EC-3AAEE49406E0}"
EndProject
Global
	GlobalSection(SolutionConfigurationPlatforms) = preSolution
		Debug|Any CPU = Debug|Any CPU
		Release|Any CPU = Release|Any CPU
	EndGlobalSection
	GlobalSection(ProjectConfigurationPlatforms) = postSolution
		{F38CA496-0EAA-4396-B9EC-3AAEE49406E0}.Debug|Any CPU.ActiveCfg = Debug|Any CPU
		{F38CA496-0EAA-4396-B9EC-3AAEE49406E0}.Debug|Any CPU.Build.0 = Debug|Any CPU
		{F38CA496-0EAA-4396-B9EC-3AAEE49406E0}.Release|Any CPU.ActiveCfg = Release|Any CPU
		{F38CA496-0EAA-4396-B9EC-3AAEE49406E0}.Release|Any CPU.Build.0 = Release|Any CPU
	EndGlobalSection
	GlobalSection(SolutionProperties) = preSolution
		HideSolutionNode = FALSE
	EndGlobalSection
	GlobalSection(ExtensibilityGlobals) = postSolution
		SolutionGuid = {E60A4D94-F40A-4815-8DB3-3674028F6026}
	EndGlobalSection
EndGlobal
