
Microsoft Visual Studio Solution File, Format Version 12.00
# Visual Studio Version 16
VisualStudioVersion = 16.0.30804.86
MinimumVisualStudioVersion = 10.0.40219.1
Project("{FAE04EC0-301F-11D3-BF4B-00C04F79EFBC}") = "FinalPractice", "FinalPractice\FinalPractice.csproj", "{D27CBF4C-D4D5-41DA-B8A0-6312DCAE2FB9}"
EndProject
Global
	GlobalSection(SolutionConfigurationPlatforms) = preSolution
		Debug|Any CPU = Debug|Any CPU
		Release|Any CPU = Release|Any CPU
	EndGlobalSection
	GlobalSection(ProjectConfigurationPlatforms) = postSolution
		{D27CBF4C-D4D5-41DA-B8A0-6312DCAE2FB9}.Debug|Any CPU.ActiveCfg = Debug|Any CPU
		{D27CBF4C-D4D5-41DA-B8A0-6312DCAE2FB9}.Debug|Any CPU.Build.0 = Debug|Any CPU
		{D27CBF4C-D4D5-41DA-B8A0-6312DCAE2FB9}.Release|Any CPU.ActiveCfg = Release|Any CPU
		{D27CBF4C-D4D5-41DA-B8A0-6312DCAE2FB9}.Release|Any CPU.Build.0 = Release|Any CPU
	EndGlobalSection
	GlobalSection(SolutionProperties) = preSolution
		HideSolutionNode = FALSE
	EndGlobalSection
	GlobalSection(ExtensibilityGlobals) = postSolution
		SolutionGuid = {8981C9EF-C792-4DE8-AD28-A858CD84CE6B}
	EndGlobalSection
EndGlobal
