
Microsoft Visual Studio Solution File, Format Version 12.00
# Visual Studio Version 16
VisualStudioVersion = 16.0.30907.101
MinimumVisualStudioVersion = 10.0.40219.1
Project("{FAE04EC0-301F-11D3-BF4B-00C04F79EFBC}") = "ConsoleApp1", "ConsoleApp1\ConsoleApp1.csproj", "{A37963D7-B2F1-4549-88A1-B6359E663A8F}"
EndProject
Global
	GlobalSection(SolutionConfigurationPlatforms) = preSolution
		Debug|Any CPU = Debug|Any CPU
		Release|Any CPU = Release|Any CPU
	EndGlobalSection
	GlobalSection(ProjectConfigurationPlatforms) = postSolution
		{A37963D7-B2F1-4549-88A1-B6359E663A8F}.Debug|Any CPU.ActiveCfg = Debug|Any CPU
		{A37963D7-B2F1-4549-88A1-B6359E663A8F}.Debug|Any CPU.Build.0 = Debug|Any CPU
		{A37963D7-B2F1-4549-88A1-B6359E663A8F}.Release|Any CPU.ActiveCfg = Release|Any CPU
		{A37963D7-B2F1-4549-88A1-B6359E663A8F}.Release|Any CPU.Build.0 = Release|Any CPU
	EndGlobalSection
	GlobalSection(SolutionProperties) = preSolution
		HideSolutionNode = FALSE
	EndGlobalSection
	GlobalSection(ExtensibilityGlobals) = postSolution
		SolutionGuid = {664D7FAD-3690-44E1-ACBB-4096EEC4B94F}
	EndGlobalSection
EndGlobal
