
Microsoft Visual Studio Solution File, Format Version 12.00
# Visual Studio Version 16
VisualStudioVersion = 16.0.31129.286
MinimumVisualStudioVersion = 10.0.40219.1
Project("{FAE04EC0-301F-11D3-BF4B-00C04F79EFBC}") = "Swiggy", "Swiggy\Swiggy.csproj", "{7FDCEAF9-51CC-4F94-988C-A58AA9BF78ED}"
EndProject
Global
	GlobalSection(SolutionConfigurationPlatforms) = preSolution
		Debug|Any CPU = Debug|Any CPU
		Release|Any CPU = Release|Any CPU
	EndGlobalSection
	GlobalSection(ProjectConfigurationPlatforms) = postSolution
		{7FDCEAF9-51CC-4F94-988C-A58AA9BF78ED}.Debug|Any CPU.ActiveCfg = Debug|Any CPU
		{7FDCEAF9-51CC-4F94-988C-A58AA9BF78ED}.Debug|Any CPU.Build.0 = Debug|Any CPU
		{7FDCEAF9-51CC-4F94-988C-A58AA9BF78ED}.Release|Any CPU.ActiveCfg = Release|Any CPU
		{7FDCEAF9-51CC-4F94-988C-A58AA9BF78ED}.Release|Any CPU.Build.0 = Release|Any CPU
	EndGlobalSection
	GlobalSection(SolutionProperties) = preSolution
		HideSolutionNode = FALSE
	EndGlobalSection
	GlobalSection(ExtensibilityGlobals) = postSolution
		SolutionGuid = {61CDA3B5-9E47-42A1-ADAF-DD16AAF4E798}
	EndGlobalSection
EndGlobal
