
Microsoft Visual Studio Solution File, Format Version 12.00
# Visual Studio Version 16
VisualStudioVersion = 16.0.31129.286
MinimumVisualStudioVersion = 10.0.40219.1
Project("{FAE04EC0-301F-11D3-BF4B-00C04F79EFBC}") = "Linqprac", "Linqprac\Linqprac.csproj", "{9A883090-7D8C-4E82-807D-B85138831598}"
EndProject
Global
	GlobalSection(SolutionConfigurationPlatforms) = preSolution
		Debug|Any CPU = Debug|Any CPU
		Release|Any CPU = Release|Any CPU
	EndGlobalSection
	GlobalSection(ProjectConfigurationPlatforms) = postSolution
		{9A883090-7D8C-4E82-807D-B85138831598}.Debug|Any CPU.ActiveCfg = Debug|Any CPU
		{9A883090-7D8C-4E82-807D-B85138831598}.Debug|Any CPU.Build.0 = Debug|Any CPU
		{9A883090-7D8C-4E82-807D-B85138831598}.Release|Any CPU.ActiveCfg = Release|Any CPU
		{9A883090-7D8C-4E82-807D-B85138831598}.Release|Any CPU.Build.0 = Release|Any CPU
	EndGlobalSection
	GlobalSection(SolutionProperties) = preSolution
		HideSolutionNode = FALSE
	EndGlobalSection
	GlobalSection(ExtensibilityGlobals) = postSolution
		SolutionGuid = {F61C9969-1485-4BD6-9593-1888BDB35808}
	EndGlobalSection
EndGlobal
