
Microsoft Visual Studio Solution File, Format Version 12.00
# Visual Studio Version 16
VisualStudioVersion = 16.0.30804.86
MinimumVisualStudioVersion = 10.0.40219.1
Project("{9A19103F-16F7-4668-BE54-9A1E7A4F7556}") = "Polymorphism", "Polymorphism.csproj", "{3BC26FAE-AA21-4A61-B15B-7C46D3493214}"
EndProject
Global
	GlobalSection(SolutionConfigurationPlatforms) = preSolution
		Debug|Any CPU = Debug|Any CPU
		Release|Any CPU = Release|Any CPU
	EndGlobalSection
	GlobalSection(ProjectConfigurationPlatforms) = postSolution
		{3BC26FAE-AA21-4A61-B15B-7C46D3493214}.Debug|Any CPU.ActiveCfg = Debug|Any CPU
		{3BC26FAE-AA21-4A61-B15B-7C46D3493214}.Debug|Any CPU.Build.0 = Debug|Any CPU
		{3BC26FAE-AA21-4A61-B15B-7C46D3493214}.Release|Any CPU.ActiveCfg = Release|Any CPU
		{3BC26FAE-AA21-4A61-B15B-7C46D3493214}.Release|Any CPU.Build.0 = Release|Any CPU
	EndGlobalSection
	GlobalSection(SolutionProperties) = preSolution
		HideSolutionNode = FALSE
	EndGlobalSection
	GlobalSection(ExtensibilityGlobals) = postSolution
		SolutionGuid = {D4DFD4C2-99C0-4526-ABEC-3298A739F450}
	EndGlobalSection
EndGlobal
