
Microsoft Visual Studio Solution File, Format Version 12.00
# Visual Studio Version 16
VisualStudioVersion = 16.0.30907.101
MinimumVisualStudioVersion = 10.0.40219.1
Project("{9A19103F-16F7-4668-BE54-9A1E7A4F7556}") = "Practice", "Practice\Practice.csproj", "{6C839D63-7E68-4AE9-962C-9006D50E56C8}"
EndProject
Project("{FAE04EC0-301F-11D3-BF4B-00C04F79EFBC}") = "Asyncronous Demo", "Asyncronous Demo\Asyncronous Demo.csproj", "{62555238-6AB7-4B62-92EE-E30A35492409}"
EndProject
Global
	GlobalSection(SolutionConfigurationPlatforms) = preSolution
		Debug|Any CPU = Debug|Any CPU
		Release|Any CPU = Release|Any CPU
	EndGlobalSection
	GlobalSection(ProjectConfigurationPlatforms) = postSolution
		{6C839D63-7E68-4AE9-962C-9006D50E56C8}.Debug|Any CPU.ActiveCfg = Debug|Any CPU
		{6C839D63-7E68-4AE9-962C-9006D50E56C8}.Debug|Any CPU.Build.0 = Debug|Any CPU
		{6C839D63-7E68-4AE9-962C-9006D50E56C8}.Release|Any CPU.ActiveCfg = Release|Any CPU
		{6C839D63-7E68-4AE9-962C-9006D50E56C8}.Release|Any CPU.Build.0 = Release|Any CPU
		{62555238-6AB7-4B62-92EE-E30A35492409}.Debug|Any CPU.ActiveCfg = Debug|Any CPU
		{62555238-6AB7-4B62-92EE-E30A35492409}.Debug|Any CPU.Build.0 = Debug|Any CPU
		{62555238-6AB7-4B62-92EE-E30A35492409}.Release|Any CPU.ActiveCfg = Release|Any CPU
		{62555238-6AB7-4B62-92EE-E30A35492409}.Release|Any CPU.Build.0 = Release|Any CPU
	EndGlobalSection
	GlobalSection(SolutionProperties) = preSolution
		HideSolutionNode = FALSE
	EndGlobalSection
	GlobalSection(ExtensibilityGlobals) = postSolution
		SolutionGuid = {D226ACD7-44C1-48EA-AAB5-96131FE7CB03}
	EndGlobalSection
EndGlobal
