
Microsoft Visual Studio Solution File, Format Version 12.00
# Visual Studio Version 16
VisualStudioVersion = 16.0.30804.86
MinimumVisualStudioVersion = 10.0.40219.1
Project("{FAE04EC0-301F-11D3-BF4B-00C04F79EFBC}") = "Assignment", "Assignment\Assignment.csproj", "{A549D862-57CB-4099-ADFC-D31CD708C3C3}"
EndProject
Global
	GlobalSection(SolutionConfigurationPlatforms) = preSolution
		Debug|Any CPU = Debug|Any CPU
		Release|Any CPU = Release|Any CPU
	EndGlobalSection
	GlobalSection(ProjectConfigurationPlatforms) = postSolution
		{A549D862-57CB-4099-ADFC-D31CD708C3C3}.Debug|Any CPU.ActiveCfg = Debug|Any CPU
		{A549D862-57CB-4099-ADFC-D31CD708C3C3}.Debug|Any CPU.Build.0 = Debug|Any CPU
		{A549D862-57CB-4099-ADFC-D31CD708C3C3}.Release|Any CPU.ActiveCfg = Release|Any CPU
		{A549D862-57CB-4099-ADFC-D31CD708C3C3}.Release|Any CPU.Build.0 = Release|Any CPU
	EndGlobalSection
	GlobalSection(SolutionProperties) = preSolution
		HideSolutionNode = FALSE
	EndGlobalSection
	GlobalSection(ExtensibilityGlobals) = postSolution
		SolutionGuid = {64BC78C5-0BF0-4457-86A4-7E2E180C69D0}
	EndGlobalSection
EndGlobal
